PODS:
  - Alamofire (5.6.4)
  - KeychainAccess (4.2.2)
  - Kingfisher (7.6.2)
  - lottie-ios (4.1.3)
  - Realm (10.37.0):
    - Realm/Headers (= 10.37.0)
  - Realm/Headers (10.37.0)
  - RealmSwift (10.37.0):
    - Realm (= 10.37.0)
  - SkeletonView (1.30.4)
  - SwiftEntryKit (2.0.0)
  - Swinject (2.8.3)
  - youtube-ios-player-helper (1.0.4)

DEPENDENCIES:
  - Alamofire
  - KeychainAccess
  - Kingfisher (~> 7.0)
  - lottie-ios
  - RealmSwift
  - SkeletonView (~> 1.30.4)
  - SwiftEntryKit (= 2.0.0)
  - Swinject (~> 2.8.3)
  - youtube-ios-player-helper

SPEC REPOS:
  trunk:
    - Alamofire
    - KeychainAccess
    - Kingfisher
    - lottie-ios
    - Realm
    - RealmSwift
    - SkeletonView
    - SwiftEntryKit
    - Swinject
    - youtube-ios-player-helper

SPEC CHECKSUMS:
  Alamofire: 4e95d97098eacb88856099c4fc79b526a299e48c
  KeychainAccess: c0c4f7f38f6fc7bbe58f5702e25f7bd2f65abf51
  Kingfisher: 6c5449c6450c5239166510ba04afe374a98afc4f
  lottie-ios: d0954d3150061f662ed0adf96ef98d7421864c47
  Realm: 9c5fc6f8f5cb70b299f2e3064d2b9f6cb0f1523d
  RealmSwift: 7be7bb45911c16400dd1bfce3a01764ecb4cae7a
  SkeletonView: 5a050f6411e697abd4cda0a8d767013399dccd69
  SwiftEntryKit: 61b5fa36f34a97dd8013e48a7345bc4c4720be9a
  Swinject: 893c9a543000ac2f10ee4cbaf0933c6992c935d5
  youtube-ios-player-helper: e9b97535e816db3152179d84d999bc1807ecd689

PODFILE CHECKSUM: adb38e21247dcde432ae1f958d170bf9a250c6e7

COCOAPODS: 1.12.0
