PODS:
  - Alamofire (5.6.2)
  - KeychainAccess (4.2.2)
  - Kingfisher (7.4.0)
  - lottie-ios (3.4.2)
  - Realm (10.29.0):
    - Realm/Headers (= 10.29.0)
  - Realm/Headers (10.29.0)
  - RealmSwift (10.29.0):
    - Realm (= 10.29.0)
  - SkeletonView (1.30.4)
  - youtube-ios-player-helper (1.0.4)

DEPENDENCIES:
  - Alamofire
  - KeychainAccess
  - Kingfisher (~> 7.0)
  - lottie-ios
  - RealmSwift
  - SkeletonView (~> 1.30.4)
  - youtube-ios-player-helper

SPEC REPOS:
  trunk:
    - Alamofire
    - KeychainAccess
    - Kingfisher
    - lottie-ios
    - Realm
    - RealmSwift
    - SkeletonView
    - youtube-ios-player-helper

SPEC CHECKSUMS:
  Alamofire: d368e1ff8a298e6dde360e35a3e68e6c610e7204
  KeychainAccess: c0c4f7f38f6fc7bbe58f5702e25f7bd2f65abf51
  Kingfisher: 596b207973051aae5e4c54a1c1cb39837ea10d36
  lottie-ios: 6bbc53eef6957e4744a50321507015fba72d8ca6
  Realm: 5596770daeff1ad76c8eb10d5947dc10472da779
  RealmSwift: 35d8d318b7e5a8dbc7096c2a243184e4d19abcc0
  SkeletonView: 5a050f6411e697abd4cda0a8d767013399dccd69
  youtube-ios-player-helper: e9b97535e816db3152179d84d999bc1807ecd689

PODFILE CHECKSUM: e9f87201a335428438870dc6e4273918a6c5c6d4

COCOAPODS: 1.11.3
