// !$*UTF8*$!
{
	archiveVersion = 1;
	classes = {
	};
	objectVersion = 56;
	objects = {

/* Begin PBXBuildFile section */
		CE08EB3928E33F320038CC92 /* SearchViewController.swift in Sources */ = {isa = PBXBuildFile; fileRef = CE08EB3828E33F320038CC92 /* SearchViewController.swift */; };
		CE08EB3B28E33FF70038CC92 /* FavouritesViewController.swift in Sources */ = {isa = PBXBuildFile; fileRef = CE08EB3A28E33FF70038CC92 /* FavouritesViewController.swift */; };
		CE08EB3D28E34C820038CC92 /* LogOutModel.swift in Sources */ = {isa = PBXBuildFile; fileRef = CE08EB3C28E34C820038CC92 /* LogOutModel.swift */; };
		CE08EB4028E3526C0038CC92 /* Globals.swift in Sources */ = {isa = PBXBuildFile; fileRef = CE08EB3F28E3526C0038CC92 /* Globals.swift */; };
		CE0B873E28E4DCCA005CBA8A /* GenresModels.swift in Sources */ = {isa = PBXBuildFile; fileRef = CE0B873D28E4DCC9005CBA8A /* GenresModels.swift */; };
		CE0B874028E4E919005CBA8A /* MovieModel.swift in Sources */ = {isa = PBXBuildFile; fileRef = CE0B873F28E4E919005CBA8A /* MovieModel.swift */; };
		CE14063128E0C57D00B67410 /* AppDelegate.swift in Sources */ = {isa = PBXBuildFile; fileRef = CE14063028E0C57D00B67410 /* AppDelegate.swift */; };
		CE14063328E0C57D00B67410 /* SceneDelegate.swift in Sources */ = {isa = PBXBuildFile; fileRef = CE14063228E0C57D00B67410 /* SceneDelegate.swift */; };
		CE14063528E0C57D00B67410 /* AuthenticationViewController.swift in Sources */ = {isa = PBXBuildFile; fileRef = CE14063428E0C57D00B67410 /* AuthenticationViewController.swift */; };
		CE14063828E0C57D00B67410 /* Main.storyboard in Resources */ = {isa = PBXBuildFile; fileRef = CE14063628E0C57D00B67410 /* Main.storyboard */; };
		CE14063A28E0C57F00B67410 /* Assets.xcassets in Resources */ = {isa = PBXBuildFile; fileRef = CE14063928E0C57F00B67410 /* Assets.xcassets */; };
		CE14063D28E0C57F00B67410 /* LaunchScreen.storyboard in Resources */ = {isa = PBXBuildFile; fileRef = CE14063B28E0C57F00B67410 /* LaunchScreen.storyboard */; };
		CE14064828E0ED7D00B67410 /* Podfile in Resources */ = {isa = PBXBuildFile; fileRef = CE14064728E0ED7D00B67410 /* Podfile */; };
		CE14064A28E0F1B100B67410 /* NetworkManager.swift in Sources */ = {isa = PBXBuildFile; fileRef = CE14064928E0F1B100B67410 /* NetworkManager.swift */; };
		CE14064C28E0F38D00B67410 /* TokenModel.swift in Sources */ = {isa = PBXBuildFile; fileRef = CE14064B28E0F38D00B67410 /* TokenModel.swift */; };
		CE1437F228F38911002A7FBB /* TVModel.swift in Sources */ = {isa = PBXBuildFile; fileRef = CE1437F128F38911002A7FBB /* TVModel.swift */; };
		CE169E4828EE34AF00FF9FB0 /* FavouritesTableViewCell.swift in Sources */ = {isa = PBXBuildFile; fileRef = CE169E4628EE34AF00FF9FB0 /* FavouritesTableViewCell.swift */; };
		CE169E4928EE34AF00FF9FB0 /* FavouritesTableViewCell.xib in Resources */ = {isa = PBXBuildFile; fileRef = CE169E4728EE34AF00FF9FB0 /* FavouritesTableViewCell.xib */; };
		CE170BDA28E10CC9001323E4 /* SessionModel.swift in Sources */ = {isa = PBXBuildFile; fileRef = CE170BD928E10CC9001323E4 /* SessionModel.swift */; };
		CE23DF0128F4D45D006A16EB /* SearchTableViewCell.swift in Sources */ = {isa = PBXBuildFile; fileRef = CE23DEFF28F4D45D006A16EB /* SearchTableViewCell.swift */; };
		CE23DF0228F4D45D006A16EB /* SearchTableViewCell.xib in Resources */ = {isa = PBXBuildFile; fileRef = CE23DF0028F4D45D006A16EB /* SearchTableViewCell.xib */; };
		CE2461A12909D59500E295AA /* PopularHeaderView.swift in Sources */ = {isa = PBXBuildFile; fileRef = CE2461A02909D59500E295AA /* PopularHeaderView.swift */; };
		CE2461A42909FFB800E295AA /* MoviesHeaderView.swift in Sources */ = {isa = PBXBuildFile; fileRef = CE2461A32909FFB800E295AA /* MoviesHeaderView.swift */; };
		CE2F03BA29073B5A001DFADE /* MainTabLayouts.swift in Sources */ = {isa = PBXBuildFile; fileRef = CE2F03B929073B5A001DFADE /* MainTabLayouts.swift */; };
		CE2F03BE29073CFB001DFADE /* PopularNowCollectionViewCell.swift in Sources */ = {isa = PBXBuildFile; fileRef = CE2F03BC29073CFB001DFADE /* PopularNowCollectionViewCell.swift */; };
		CE2F03BF29073CFB001DFADE /* PopularNowCollectionViewCell.xib in Resources */ = {isa = PBXBuildFile; fileRef = CE2F03BD29073CFB001DFADE /* PopularNowCollectionViewCell.xib */; };
		CE3682BD28FB154700B4A356 /* TVTableViewCell.swift in Sources */ = {isa = PBXBuildFile; fileRef = CE3682BB28FB154700B4A356 /* TVTableViewCell.swift */; };
		CE3682BE28FB154700B4A356 /* TVTableViewCell.xib in Resources */ = {isa = PBXBuildFile; fileRef = CE3682BC28FB154700B4A356 /* TVTableViewCell.xib */; };
		CE3682C228FB3B5E00B4A356 /* TVCollectionViewCell.swift in Sources */ = {isa = PBXBuildFile; fileRef = CE3682C028FB3B5E00B4A356 /* TVCollectionViewCell.swift */; };
		CE3682C328FB3B5E00B4A356 /* TVCollectionViewCell.xib in Resources */ = {isa = PBXBuildFile; fileRef = CE3682C128FB3B5E00B4A356 /* TVCollectionViewCell.xib */; };
		CE3B0F8E2905BF6100616CF0 /* AnimationsService.swift in Sources */ = {isa = PBXBuildFile; fileRef = CE3B0F8D2905BF6100616CF0 /* AnimationsService.swift */; };
		CE4B415F29086F9800512AC0 /* TrendyMediaModels.swift in Sources */ = {isa = PBXBuildFile; fileRef = CE4B415E29086F9800512AC0 /* TrendyMediaModels.swift */; };
		CE4E5DD9290456190048E65C /* MediaCollectionViewCell.swift in Sources */ = {isa = PBXBuildFile; fileRef = CE4E5DD7290456190048E65C /* MediaCollectionViewCell.swift */; };
		CE4E5DDC2904563D0048E65C /* MainViewController.swift in Sources */ = {isa = PBXBuildFile; fileRef = CE4E5DDB2904563D0048E65C /* MainViewController.swift */; };
		CE52C23A28EA46FD0076DBBD /* UIImageView+Downloaded.swift in Sources */ = {isa = PBXBuildFile; fileRef = CE52C23928EA46FD0076DBBD /* UIImageView+Downloaded.swift */; };
		CE5614D628EE15120085A49B /* FavouritesViewControllerViewModel.swift in Sources */ = {isa = PBXBuildFile; fileRef = CE5614D528EE15120085A49B /* FavouritesViewControllerViewModel.swift */; };
		CE5B08332907415E003D9F85 /* MediaCollectionViewCell.xib in Resources */ = {isa = PBXBuildFile; fileRef = CE5B08322907415E003D9F85 /* MediaCollectionViewCell.xib */; };
		CE6133A128EA028200778822 /* DataManager.swift in Sources */ = {isa = PBXBuildFile; fileRef = CE6133A028EA028200778822 /* DataManager.swift */; };
		CE6EFD41290DC6AD00924F62 /* TheatresCollectionViewCell.swift in Sources */ = {isa = PBXBuildFile; fileRef = CE6EFD3F290DC6AD00924F62 /* TheatresCollectionViewCell.swift */; };
		CE6EFD42290DC6AD00924F62 /* TheatresCollectionViewCell.xib in Resources */ = {isa = PBXBuildFile; fileRef = CE6EFD40290DC6AD00924F62 /* TheatresCollectionViewCell.xib */; };
		CE6EFD44290DC82600924F62 /* InTheatresFooterView.swift in Sources */ = {isa = PBXBuildFile; fileRef = CE6EFD43290DC82600924F62 /* InTheatresFooterView.swift */; };
		CE6EFD46290DCD0C00924F62 /* NowPlayingModels.swift in Sources */ = {isa = PBXBuildFile; fileRef = CE6EFD45290DCD0C00924F62 /* NowPlayingModels.swift */; };
		CE70D57328F9DCE700536243 /* LoadingViewController.swift in Sources */ = {isa = PBXBuildFile; fileRef = CE70D57228F9DCE700536243 /* LoadingViewController.swift */; };
		CE81D89D28FC7A4100D667A8 /* PaginationService.swift in Sources */ = {isa = PBXBuildFile; fileRef = CE81D89C28FC7A4100D667A8 /* PaginationService.swift */; };
		CE81D89F28FC895700D667A8 /* UIViewController+ add+removeChildView.swift in Sources */ = {isa = PBXBuildFile; fileRef = CE81D89E28FC895700D667A8 /* UIViewController+ add+removeChildView.swift */; };
		CEAF651028F462420032DF55 /* FavoriteTVRealmModel.swift in Sources */ = {isa = PBXBuildFile; fileRef = CEAF650F28F462420032DF55 /* FavoriteTVRealmModel.swift */; };
		CEB3450828E225DF00451A6F /* UserDetailsModel.swift in Sources */ = {isa = PBXBuildFile; fileRef = CEB3450728E225DF00451A6F /* UserDetailsModel.swift */; };
		CEB3450B28E23E0100451A6F /* MovieViewController.swift in Sources */ = {isa = PBXBuildFile; fileRef = CEB3450928E23E0100451A6F /* MovieViewController.swift */; };
		CEC003B628F780A5005B8B4E /* String+ isBlank.swift in Sources */ = {isa = PBXBuildFile; fileRef = CEC003B528F780A5005B8B4E /* String+ isBlank.swift */; };
		CEC3408C28EF3FCD00F5275B /* FavoritesResponse.swift in Sources */ = {isa = PBXBuildFile; fileRef = CEC3408B28EF3FCD00F5275B /* FavoritesResponse.swift */; };
		CEC7BD5128E39B9300A7CDD6 /* MovieTableViewCell.swift in Sources */ = {isa = PBXBuildFile; fileRef = CEC7BD4F28E39B9300A7CDD6 /* MovieTableViewCell.swift */; };
		CEC7BD5228E39B9300A7CDD6 /* MovieTableViewCell.xib in Resources */ = {isa = PBXBuildFile; fileRef = CEC7BD5028E39B9300A7CDD6 /* MovieTableViewCell.xib */; };
		CEC7BD5528E3A78700A7CDD6 /* MovieCollectionViewCell.swift in Sources */ = {isa = PBXBuildFile; fileRef = CEC7BD5328E3A78700A7CDD6 /* MovieCollectionViewCell.swift */; };
		CEC7BD5628E3A78700A7CDD6 /* MovieCollectionViewCell.xib in Resources */ = {isa = PBXBuildFile; fileRef = CEC7BD5428E3A78700A7CDD6 /* MovieCollectionViewCell.xib */; };
		CECD9B1E290C88FF0013992F /* TVHeader.swift in Sources */ = {isa = PBXBuildFile; fileRef = CECD9B1D290C88FF0013992F /* TVHeader.swift */; };
		CECEF5EE28FDB5B100BCB039 /* AlamofireConnectionService.swift in Sources */ = {isa = PBXBuildFile; fileRef = CECEF5ED28FDB5B100BCB039 /* AlamofireConnectionService.swift */; };
		CECEF5F028FDBA6A00BCB039 /* ConnectionMonitorService.swift in Sources */ = {isa = PBXBuildFile; fileRef = CECEF5EF28FDBA6A00BCB039 /* ConnectionMonitorService.swift */; };
		CED374E528F619C1006D95A9 /* SearchMovieRealmModel.swift in Sources */ = {isa = PBXBuildFile; fileRef = CED374E428F619C1006D95A9 /* SearchMovieRealmModel.swift */; };
		CED374E728F61A5C006D95A9 /* SearchTVRealmModel.swift in Sources */ = {isa = PBXBuildFile; fileRef = CED374E628F61A5C006D95A9 /* SearchTVRealmModel.swift */; };
		CED374EA28F625B6006D95A9 /* PreviousRequestsTableViewCell.swift in Sources */ = {isa = PBXBuildFile; fileRef = CED374E828F625B6006D95A9 /* PreviousRequestsTableViewCell.swift */; };
		CED374EB28F625B6006D95A9 /* PreviousRequestsTableViewCell.xib in Resources */ = {isa = PBXBuildFile; fileRef = CED374E928F625B6006D95A9 /* PreviousRequestsTableViewCell.xib */; };
		CEE9E16328E3707F000424DC /* DetailsScreenViewController.swift in Sources */ = {isa = PBXBuildFile; fileRef = CEE9E16228E3707F000424DC /* DetailsScreenViewController.swift */; };
		CEF4F66A28FB0B60000BC6DA /* TVViewController.swift in Sources */ = {isa = PBXBuildFile; fileRef = CEF4F66928FB0B60000BC6DA /* TVViewController.swift */; };
		CEF714A52905C8B000441D25 /* movie.json in Resources */ = {isa = PBXBuildFile; fileRef = CEF714A42905C8B000441D25 /* movie.json */; };
		CEFA731D28F054CE00CD0872 /* RealmManager.swift in Sources */ = {isa = PBXBuildFile; fileRef = CEFA731C28F054CE00CD0872 /* RealmManager.swift */; };
		CEFA732028F05B4A00CD0872 /* FavoriteMoviesRealmModel.swift in Sources */ = {isa = PBXBuildFile; fileRef = CEFA731F28F05B4A00CD0872 /* FavoriteMoviesRealmModel.swift */; };
		CEFA732228F0759F00CD0872 /* RepositoryService.swift in Sources */ = {isa = PBXBuildFile; fileRef = CEFA732128F0759F00CD0872 /* RepositoryService.swift */; };
		D56FA2DAE280F28A3B4AC642 /* Pods_Movie_App.framework in Frameworks */ = {isa = PBXBuildFile; fileRef = 0C9D48116088435D42259085 /* Pods_Movie_App.framework */; };
/* End PBXBuildFile section */

/* Begin PBXFileReference section */
		0C9D48116088435D42259085 /* Pods_Movie_App.framework */ = {isa = PBXFileReference; explicitFileType = wrapper.framework; includeInIndex = 0; path = Pods_Movie_App.framework; sourceTree = BUILT_PRODUCTS_DIR; };
		7DB7309CB6416449FB29826B /* Pods-Movie App.debug.xcconfig */ = {isa = PBXFileReference; includeInIndex = 1; lastKnownFileType = text.xcconfig; name = "Pods-Movie App.debug.xcconfig"; path = "Target Support Files/Pods-Movie App/Pods-Movie App.debug.xcconfig"; sourceTree = "<group>"; };
		8B58C7A4B0A0C166C2D96763 /* Pods-Movie App.release.xcconfig */ = {isa = PBXFileReference; includeInIndex = 1; lastKnownFileType = text.xcconfig; name = "Pods-Movie App.release.xcconfig"; path = "Target Support Files/Pods-Movie App/Pods-Movie App.release.xcconfig"; sourceTree = "<group>"; };
		CE08EB3828E33F320038CC92 /* SearchViewController.swift */ = {isa = PBXFileReference; lastKnownFileType = sourcecode.swift; path = SearchViewController.swift; sourceTree = "<group>"; };
		CE08EB3A28E33FF70038CC92 /* FavouritesViewController.swift */ = {isa = PBXFileReference; lastKnownFileType = sourcecode.swift; path = FavouritesViewController.swift; sourceTree = "<group>"; };
		CE08EB3C28E34C820038CC92 /* LogOutModel.swift */ = {isa = PBXFileReference; lastKnownFileType = sourcecode.swift; path = LogOutModel.swift; sourceTree = "<group>"; };
		CE08EB3F28E3526C0038CC92 /* Globals.swift */ = {isa = PBXFileReference; lastKnownFileType = sourcecode.swift; path = Globals.swift; sourceTree = "<group>"; };
		CE0B873D28E4DCC9005CBA8A /* GenresModels.swift */ = {isa = PBXFileReference; lastKnownFileType = sourcecode.swift; path = GenresModels.swift; sourceTree = "<group>"; };
		CE0B873F28E4E919005CBA8A /* MovieModel.swift */ = {isa = PBXFileReference; lastKnownFileType = sourcecode.swift; path = MovieModel.swift; sourceTree = "<group>"; };
		CE14062D28E0C57D00B67410 /* Movie App.app */ = {isa = PBXFileReference; explicitFileType = wrapper.application; includeInIndex = 0; path = "Movie App.app"; sourceTree = BUILT_PRODUCTS_DIR; };
		CE14063028E0C57D00B67410 /* AppDelegate.swift */ = {isa = PBXFileReference; lastKnownFileType = sourcecode.swift; path = AppDelegate.swift; sourceTree = "<group>"; };
		CE14063228E0C57D00B67410 /* SceneDelegate.swift */ = {isa = PBXFileReference; lastKnownFileType = sourcecode.swift; path = SceneDelegate.swift; sourceTree = "<group>"; };
		CE14063428E0C57D00B67410 /* AuthenticationViewController.swift */ = {isa = PBXFileReference; lastKnownFileType = sourcecode.swift; path = AuthenticationViewController.swift; sourceTree = "<group>"; };
		CE14063728E0C57D00B67410 /* Base */ = {isa = PBXFileReference; lastKnownFileType = file.storyboard; name = Base; path = Base.lproj/Main.storyboard; sourceTree = "<group>"; };
		CE14063928E0C57F00B67410 /* Assets.xcassets */ = {isa = PBXFileReference; lastKnownFileType = folder.assetcatalog; path = Assets.xcassets; sourceTree = "<group>"; };
		CE14063C28E0C57F00B67410 /* Base */ = {isa = PBXFileReference; lastKnownFileType = file.storyboard; name = Base; path = Base.lproj/LaunchScreen.storyboard; sourceTree = "<group>"; };
		CE14063E28E0C57F00B67410 /* Info.plist */ = {isa = PBXFileReference; lastKnownFileType = text.plist.xml; path = Info.plist; sourceTree = "<group>"; };
		CE14064728E0ED7D00B67410 /* Podfile */ = {isa = PBXFileReference; fileEncoding = 4; lastKnownFileType = text; path = Podfile; sourceTree = "<group>"; xcLanguageSpecificationIdentifier = xcode.lang.ruby; };
		CE14064928E0F1B100B67410 /* NetworkManager.swift */ = {isa = PBXFileReference; lastKnownFileType = sourcecode.swift; path = NetworkManager.swift; sourceTree = "<group>"; };
		CE14064B28E0F38D00B67410 /* TokenModel.swift */ = {isa = PBXFileReference; lastKnownFileType = sourcecode.swift; path = TokenModel.swift; sourceTree = "<group>"; };
		CE1437F128F38911002A7FBB /* TVModel.swift */ = {isa = PBXFileReference; lastKnownFileType = sourcecode.swift; path = TVModel.swift; sourceTree = "<group>"; };
		CE169E4628EE34AF00FF9FB0 /* FavouritesTableViewCell.swift */ = {isa = PBXFileReference; lastKnownFileType = sourcecode.swift; path = FavouritesTableViewCell.swift; sourceTree = "<group>"; };
		CE169E4728EE34AF00FF9FB0 /* FavouritesTableViewCell.xib */ = {isa = PBXFileReference; lastKnownFileType = file.xib; path = FavouritesTableViewCell.xib; sourceTree = "<group>"; };
		CE170BD928E10CC9001323E4 /* SessionModel.swift */ = {isa = PBXFileReference; lastKnownFileType = sourcecode.swift; path = SessionModel.swift; sourceTree = "<group>"; };
		CE23DEFF28F4D45D006A16EB /* SearchTableViewCell.swift */ = {isa = PBXFileReference; lastKnownFileType = sourcecode.swift; path = SearchTableViewCell.swift; sourceTree = "<group>"; };
		CE23DF0028F4D45D006A16EB /* SearchTableViewCell.xib */ = {isa = PBXFileReference; lastKnownFileType = file.xib; path = SearchTableViewCell.xib; sourceTree = "<group>"; };
		CE2461A02909D59500E295AA /* PopularHeaderView.swift */ = {isa = PBXFileReference; lastKnownFileType = sourcecode.swift; path = PopularHeaderView.swift; sourceTree = "<group>"; };
		CE2461A32909FFB800E295AA /* MoviesHeaderView.swift */ = {isa = PBXFileReference; lastKnownFileType = sourcecode.swift; path = MoviesHeaderView.swift; sourceTree = "<group>"; };
		CE2F03B929073B5A001DFADE /* MainTabLayouts.swift */ = {isa = PBXFileReference; lastKnownFileType = sourcecode.swift; path = MainTabLayouts.swift; sourceTree = "<group>"; };
		CE2F03BC29073CFB001DFADE /* PopularNowCollectionViewCell.swift */ = {isa = PBXFileReference; lastKnownFileType = sourcecode.swift; path = PopularNowCollectionViewCell.swift; sourceTree = "<group>"; };
		CE2F03BD29073CFB001DFADE /* PopularNowCollectionViewCell.xib */ = {isa = PBXFileReference; lastKnownFileType = file.xib; path = PopularNowCollectionViewCell.xib; sourceTree = "<group>"; };
		CE3682BB28FB154700B4A356 /* TVTableViewCell.swift */ = {isa = PBXFileReference; lastKnownFileType = sourcecode.swift; path = TVTableViewCell.swift; sourceTree = "<group>"; };
		CE3682BC28FB154700B4A356 /* TVTableViewCell.xib */ = {isa = PBXFileReference; lastKnownFileType = file.xib; path = TVTableViewCell.xib; sourceTree = "<group>"; };
		CE3682C028FB3B5E00B4A356 /* TVCollectionViewCell.swift */ = {isa = PBXFileReference; lastKnownFileType = sourcecode.swift; path = TVCollectionViewCell.swift; sourceTree = "<group>"; };
		CE3682C128FB3B5E00B4A356 /* TVCollectionViewCell.xib */ = {isa = PBXFileReference; lastKnownFileType = file.xib; path = TVCollectionViewCell.xib; sourceTree = "<group>"; };
		CE3B0F8D2905BF6100616CF0 /* AnimationsService.swift */ = {isa = PBXFileReference; lastKnownFileType = sourcecode.swift; path = AnimationsService.swift; sourceTree = "<group>"; };
		CE4B415E29086F9800512AC0 /* TrendyMediaModels.swift */ = {isa = PBXFileReference; lastKnownFileType = sourcecode.swift; path = TrendyMediaModels.swift; sourceTree = "<group>"; };
		CE4E5DD7290456190048E65C /* MediaCollectionViewCell.swift */ = {isa = PBXFileReference; lastKnownFileType = sourcecode.swift; path = MediaCollectionViewCell.swift; sourceTree = "<group>"; };
		CE4E5DDB2904563D0048E65C /* MainViewController.swift */ = {isa = PBXFileReference; lastKnownFileType = sourcecode.swift; path = MainViewController.swift; sourceTree = "<group>"; };
		CE52C23928EA46FD0076DBBD /* UIImageView+Downloaded.swift */ = {isa = PBXFileReference; lastKnownFileType = sourcecode.swift; path = "UIImageView+Downloaded.swift"; sourceTree = "<group>"; };
		CE5614D528EE15120085A49B /* FavouritesViewControllerViewModel.swift */ = {isa = PBXFileReference; lastKnownFileType = sourcecode.swift; path = FavouritesViewControllerViewModel.swift; sourceTree = "<group>"; };
		CE5B08322907415E003D9F85 /* MediaCollectionViewCell.xib */ = {isa = PBXFileReference; fileEncoding = 4; lastKnownFileType = file.xib; path = MediaCollectionViewCell.xib; sourceTree = "<group>"; };
		CE6133A028EA028200778822 /* DataManager.swift */ = {isa = PBXFileReference; lastKnownFileType = sourcecode.swift; path = DataManager.swift; sourceTree = "<group>"; };
		CE6EFD3F290DC6AD00924F62 /* TheatresCollectionViewCell.swift */ = {isa = PBXFileReference; lastKnownFileType = sourcecode.swift; path = TheatresCollectionViewCell.swift; sourceTree = "<group>"; };
		CE6EFD40290DC6AD00924F62 /* TheatresCollectionViewCell.xib */ = {isa = PBXFileReference; lastKnownFileType = file.xib; path = TheatresCollectionViewCell.xib; sourceTree = "<group>"; };
		CE6EFD43290DC82600924F62 /* InTheatresFooterView.swift */ = {isa = PBXFileReference; lastKnownFileType = sourcecode.swift; path = InTheatresFooterView.swift; sourceTree = "<group>"; };
		CE6EFD45290DCD0C00924F62 /* NowPlayingModels.swift */ = {isa = PBXFileReference; lastKnownFileType = sourcecode.swift; path = NowPlayingModels.swift; sourceTree = "<group>"; };
		CE70D57228F9DCE700536243 /* LoadingViewController.swift */ = {isa = PBXFileReference; lastKnownFileType = sourcecode.swift; path = LoadingViewController.swift; sourceTree = "<group>"; };
		CE81D89C28FC7A4100D667A8 /* PaginationService.swift */ = {isa = PBXFileReference; lastKnownFileType = sourcecode.swift; path = PaginationService.swift; sourceTree = "<group>"; };
		CE81D89E28FC895700D667A8 /* UIViewController+ add+removeChildView.swift */ = {isa = PBXFileReference; lastKnownFileType = sourcecode.swift; path = "UIViewController+ add+removeChildView.swift"; sourceTree = "<group>"; };
		CEAF650F28F462420032DF55 /* FavoriteTVRealmModel.swift */ = {isa = PBXFileReference; lastKnownFileType = sourcecode.swift; path = FavoriteTVRealmModel.swift; sourceTree = "<group>"; };
		CEB3450728E225DF00451A6F /* UserDetailsModel.swift */ = {isa = PBXFileReference; lastKnownFileType = sourcecode.swift; path = UserDetailsModel.swift; sourceTree = "<group>"; };
		CEB3450928E23E0100451A6F /* MovieViewController.swift */ = {isa = PBXFileReference; lastKnownFileType = sourcecode.swift; path = MovieViewController.swift; sourceTree = "<group>"; };
		CEC003B528F780A5005B8B4E /* String+ isBlank.swift */ = {isa = PBXFileReference; lastKnownFileType = sourcecode.swift; path = "String+ isBlank.swift"; sourceTree = "<group>"; };
		CEC3408B28EF3FCD00F5275B /* FavoritesResponse.swift */ = {isa = PBXFileReference; lastKnownFileType = sourcecode.swift; path = FavoritesResponse.swift; sourceTree = "<group>"; };
		CEC7BD4F28E39B9300A7CDD6 /* MovieTableViewCell.swift */ = {isa = PBXFileReference; lastKnownFileType = sourcecode.swift; path = MovieTableViewCell.swift; sourceTree = "<group>"; };
		CEC7BD5028E39B9300A7CDD6 /* MovieTableViewCell.xib */ = {isa = PBXFileReference; lastKnownFileType = file.xib; path = MovieTableViewCell.xib; sourceTree = "<group>"; };
		CEC7BD5328E3A78700A7CDD6 /* MovieCollectionViewCell.swift */ = {isa = PBXFileReference; lastKnownFileType = sourcecode.swift; path = MovieCollectionViewCell.swift; sourceTree = "<group>"; };
		CEC7BD5428E3A78700A7CDD6 /* MovieCollectionViewCell.xib */ = {isa = PBXFileReference; lastKnownFileType = file.xib; path = MovieCollectionViewCell.xib; sourceTree = "<group>"; };
		CECD9B1D290C88FF0013992F /* TVHeader.swift */ = {isa = PBXFileReference; lastKnownFileType = sourcecode.swift; path = TVHeader.swift; sourceTree = "<group>"; };
		CECEF5ED28FDB5B100BCB039 /* AlamofireConnectionService.swift */ = {isa = PBXFileReference; lastKnownFileType = sourcecode.swift; path = AlamofireConnectionService.swift; sourceTree = "<group>"; };
		CECEF5EF28FDBA6A00BCB039 /* ConnectionMonitorService.swift */ = {isa = PBXFileReference; lastKnownFileType = sourcecode.swift; path = ConnectionMonitorService.swift; sourceTree = "<group>"; };
		CED374E428F619C1006D95A9 /* SearchMovieRealmModel.swift */ = {isa = PBXFileReference; lastKnownFileType = sourcecode.swift; path = SearchMovieRealmModel.swift; sourceTree = "<group>"; };
		CED374E628F61A5C006D95A9 /* SearchTVRealmModel.swift */ = {isa = PBXFileReference; lastKnownFileType = sourcecode.swift; path = SearchTVRealmModel.swift; sourceTree = "<group>"; };
		CED374E828F625B6006D95A9 /* PreviousRequestsTableViewCell.swift */ = {isa = PBXFileReference; lastKnownFileType = sourcecode.swift; path = PreviousRequestsTableViewCell.swift; sourceTree = "<group>"; };
		CED374E928F625B6006D95A9 /* PreviousRequestsTableViewCell.xib */ = {isa = PBXFileReference; lastKnownFileType = file.xib; path = PreviousRequestsTableViewCell.xib; sourceTree = "<group>"; };
		CEE9E16228E3707F000424DC /* DetailsScreenViewController.swift */ = {isa = PBXFileReference; lastKnownFileType = sourcecode.swift; path = DetailsScreenViewController.swift; sourceTree = "<group>"; };
		CEF4F66928FB0B60000BC6DA /* TVViewController.swift */ = {isa = PBXFileReference; lastKnownFileType = sourcecode.swift; path = TVViewController.swift; sourceTree = "<group>"; };
		CEF714A42905C8B000441D25 /* movie.json */ = {isa = PBXFileReference; fileEncoding = 4; lastKnownFileType = text.json; path = movie.json; sourceTree = "<group>"; };
		CEFA731C28F054CE00CD0872 /* RealmManager.swift */ = {isa = PBXFileReference; lastKnownFileType = sourcecode.swift; path = RealmManager.swift; sourceTree = "<group>"; };
		CEFA731F28F05B4A00CD0872 /* FavoriteMoviesRealmModel.swift */ = {isa = PBXFileReference; lastKnownFileType = sourcecode.swift; path = FavoriteMoviesRealmModel.swift; sourceTree = "<group>"; };
		CEFA732128F0759F00CD0872 /* RepositoryService.swift */ = {isa = PBXFileReference; lastKnownFileType = sourcecode.swift; path = RepositoryService.swift; sourceTree = "<group>"; };
/* End PBXFileReference section */

/* Begin PBXFrameworksBuildPhase section */
		CE14062A28E0C57D00B67410 /* Frameworks */ = {
			isa = PBXFrameworksBuildPhase;
			buildActionMask = 2147483647;
			files = (
				D56FA2DAE280F28A3B4AC642 /* Pods_Movie_App.framework in Frameworks */,
			);
			runOnlyForDeploymentPostprocessing = 0;
		};
/* End PBXFrameworksBuildPhase section */

/* Begin PBXGroup section */
		662B0837720BBACE8B4E8D7A /* Pods */ = {
			isa = PBXGroup;
			children = (
				7DB7309CB6416449FB29826B /* Pods-Movie App.debug.xcconfig */,
				8B58C7A4B0A0C166C2D96763 /* Pods-Movie App.release.xcconfig */,
			);
			path = Pods;
			sourceTree = "<group>";
		};
		9C403841E9A8E66A1EFD40A6 /* Frameworks */ = {
			isa = PBXGroup;
			children = (
				0C9D48116088435D42259085 /* Pods_Movie_App.framework */,
			);
			name = Frameworks;
			sourceTree = "<group>";
		};
		CE08EB3728E33EE30038CC92 /* SearchTab */ = {
			isa = PBXGroup;
			children = (
				CE14D97E28F862F100CEEB02 /* SearchCell */,
				CE14D97F28F8631300CEEB02 /* RequestsCell */,
			);
			path = SearchTab;
			sourceTree = "<group>";
		};
		CE08EB3E28E352560038CC92 /* Data */ = {
			isa = PBXGroup;
			children = (
				CE08EB3F28E3526C0038CC92 /* Globals.swift */,
				CEF714A42905C8B000441D25 /* movie.json */,
			);
			path = Data;
			sourceTree = "<group>";
		};
		CE0B873B28E4DC67005CBA8A /* AuthenticationModels */ = {
			isa = PBXGroup;
			children = (
				CE14064B28E0F38D00B67410 /* TokenModel.swift */,
				CE170BD928E10CC9001323E4 /* SessionModel.swift */,
				CEB3450728E225DF00451A6F /* UserDetailsModel.swift */,
				CE08EB3C28E34C820038CC92 /* LogOutModel.swift */,
			);
			path = AuthenticationModels;
			sourceTree = "<group>";
		};
		CE0B873C28E4DC92005CBA8A /* DataRequestModels */ = {
			isa = PBXGroup;
			children = (
				CE0B873D28E4DCC9005CBA8A /* GenresModels.swift */,
				CE0B873F28E4E919005CBA8A /* MovieModel.swift */,
				CE1437F128F38911002A7FBB /* TVModel.swift */,
				CEC3408B28EF3FCD00F5275B /* FavoritesResponse.swift */,
				CE4B415E29086F9800512AC0 /* TrendyMediaModels.swift */,
				CE6EFD45290DCD0C00924F62 /* NowPlayingModels.swift */,
			);
			path = DataRequestModels;
			sourceTree = "<group>";
		};
		CE14062428E0C57D00B67410 = {
			isa = PBXGroup;
			children = (
				CE14064728E0ED7D00B67410 /* Podfile */,
				CE14062F28E0C57D00B67410 /* Movie App */,
				CE14062E28E0C57D00B67410 /* Products */,
				662B0837720BBACE8B4E8D7A /* Pods */,
				9C403841E9A8E66A1EFD40A6 /* Frameworks */,
			);
			sourceTree = "<group>";
		};
		CE14062E28E0C57D00B67410 /* Products */ = {
			isa = PBXGroup;
			children = (
				CE14062D28E0C57D00B67410 /* Movie App.app */,
			);
			name = Products;
			sourceTree = "<group>";
		};
		CE14062F28E0C57D00B67410 /* Movie App */ = {
			isa = PBXGroup;
			children = (
				CE2E29AA28ECE81C00C865E5 /* ViewModels */,
				CE6133A228EA35B900778822 /* Managers */,
				CE08EB3E28E352560038CC92 /* Data */,
				CE14064428E0EC1200B67410 /* Models */,
				CE14064528E0EC1C00B67410 /* Views */,
				CE14064628E0EC2400B67410 /* Controllers */,
				CE9D61DE28E8EFCD0007287D /* Extensions */,
				CE14063028E0C57D00B67410 /* AppDelegate.swift */,
				CE14063228E0C57D00B67410 /* SceneDelegate.swift */,
				CE14063928E0C57F00B67410 /* Assets.xcassets */,
				CE14063B28E0C57F00B67410 /* LaunchScreen.storyboard */,
				CE14063E28E0C57F00B67410 /* Info.plist */,
			);
			path = "Movie App";
			sourceTree = "<group>";
		};
		CE14064428E0EC1200B67410 /* Models */ = {
			isa = PBXGroup;
			children = (
				CE0B873B28E4DC67005CBA8A /* AuthenticationModels */,
				CEFA731E28F054EC00CD0872 /* RealmModels */,
				CE0B873C28E4DC92005CBA8A /* DataRequestModels */,
			);
			path = Models;
			sourceTree = "<group>";
		};
		CE14064528E0EC1C00B67410 /* Views */ = {
			isa = PBXGroup;
			children = (
				CE14063628E0C57D00B67410 /* Main.storyboard */,
				CEF2F1132907252300387B5D /* MainTab */,
				CE08EB3728E33EE30038CC92 /* SearchTab */,
				CE14A11C28FB4B1C003174FC /* DetailsScreen */,
				CE169E3E28EE30AA00FF9FB0 /* FavoritesTab */,
				CEB3450D28E23E0A00451A6F /* MovieTab */,
				CEFF39EE28FB0A8C00405F73 /* TVTab */,
			);
			path = Views;
			sourceTree = "<group>";
		};
		CE14064628E0EC2400B67410 /* Controllers */ = {
			isa = PBXGroup;
			children = (
				CE14063428E0C57D00B67410 /* AuthenticationViewController.swift */,
				CE4E5DDB2904563D0048E65C /* MainViewController.swift */,
				CE08EB3828E33F320038CC92 /* SearchViewController.swift */,
				CE08EB3A28E33FF70038CC92 /* FavouritesViewController.swift */,
				CEE9E16228E3707F000424DC /* DetailsScreenViewController.swift */,
				CEB3450928E23E0100451A6F /* MovieViewController.swift */,
				CEF4F66928FB0B60000BC6DA /* TVViewController.swift */,
				CE70D57228F9DCE700536243 /* LoadingViewController.swift */,
			);
			path = Controllers;
			sourceTree = "<group>";
		};
		CE14A11C28FB4B1C003174FC /* DetailsScreen */ = {
			isa = PBXGroup;
			children = (
			);
			path = DetailsScreen;
			sourceTree = "<group>";
		};
		CE14D97E28F862F100CEEB02 /* SearchCell */ = {
			isa = PBXGroup;
			children = (
				CE23DEFF28F4D45D006A16EB /* SearchTableViewCell.swift */,
				CE23DF0028F4D45D006A16EB /* SearchTableViewCell.xib */,
			);
			path = SearchCell;
			sourceTree = "<group>";
		};
		CE14D97F28F8631300CEEB02 /* RequestsCell */ = {
			isa = PBXGroup;
			children = (
				CED374E828F625B6006D95A9 /* PreviousRequestsTableViewCell.swift */,
				CED374E928F625B6006D95A9 /* PreviousRequestsTableViewCell.xib */,
			);
			path = RequestsCell;
			sourceTree = "<group>";
		};
		CE14D98028F8638C00CEEB02 /* MovieTableViewCell */ = {
			isa = PBXGroup;
			children = (
				CEC7BD4F28E39B9300A7CDD6 /* MovieTableViewCell.swift */,
				CEC7BD5028E39B9300A7CDD6 /* MovieTableViewCell.xib */,
			);
			path = MovieTableViewCell;
			sourceTree = "<group>";
		};
		CE169E3E28EE30AA00FF9FB0 /* FavoritesTab */ = {
			isa = PBXGroup;
			children = (
				CE169E4628EE34AF00FF9FB0 /* FavouritesTableViewCell.swift */,
				CE169E4728EE34AF00FF9FB0 /* FavouritesTableViewCell.xib */,
			);
			path = FavoritesTab;
			sourceTree = "<group>";
		};
		CE24619F2909D35000E295AA /* Headers */ = {
			isa = PBXGroup;
			children = (
				CE2461A02909D59500E295AA /* PopularHeaderView.swift */,
				CE2461A32909FFB800E295AA /* MoviesHeaderView.swift */,
				CECD9B1D290C88FF0013992F /* TVHeader.swift */,
				CE6EFD43290DC82600924F62 /* InTheatresFooterView.swift */,
			);
			path = Headers;
			sourceTree = "<group>";
		};
		CE2E29AA28ECE81C00C865E5 /* ViewModels */ = {
			isa = PBXGroup;
			children = (
				CE5614D528EE15120085A49B /* FavouritesViewControllerViewModel.swift */,
			);
			path = ViewModels;
			sourceTree = "<group>";
		};
		CE2F03B829073B40001DFADE /* CompositionalLayout */ = {
			isa = PBXGroup;
			children = (
				CE2F03B929073B5A001DFADE /* MainTabLayouts.swift */,
				CE24619F2909D35000E295AA /* Headers */,
				CE2F03C029073DC1001DFADE /* MediaCell */,
				CE2F03BB29073C8B001DFADE /* PopularNowCell */,
				CE6EFD3E290DC64500924F62 /* TheatresCell */,
			);
			path = CompositionalLayout;
			sourceTree = "<group>";
		};
		CE2F03BB29073C8B001DFADE /* PopularNowCell */ = {
			isa = PBXGroup;
			children = (
				CE2F03BC29073CFB001DFADE /* PopularNowCollectionViewCell.swift */,
				CE2F03BD29073CFB001DFADE /* PopularNowCollectionViewCell.xib */,
			);
			path = PopularNowCell;
			sourceTree = "<group>";
		};
		CE2F03C029073DC1001DFADE /* MediaCell */ = {
			isa = PBXGroup;
			children = (
				CE5B08322907415E003D9F85 /* MediaCollectionViewCell.xib */,
				CE4E5DD7290456190048E65C /* MediaCollectionViewCell.swift */,
			);
			path = MediaCell;
			sourceTree = "<group>";
		};
		CE3682BA28FB151600B4A356 /* TVTableViewCell */ = {
			isa = PBXGroup;
			children = (
				CE3682BB28FB154700B4A356 /* TVTableViewCell.swift */,
				CE3682BC28FB154700B4A356 /* TVTableViewCell.xib */,
			);
			path = TVTableViewCell;
			sourceTree = "<group>";
		};
		CE3682BF28FB3B1C00B4A356 /* TVCollectionViewCell */ = {
			isa = PBXGroup;
			children = (
				CE3682C028FB3B5E00B4A356 /* TVCollectionViewCell.swift */,
				CE3682C128FB3B5E00B4A356 /* TVCollectionViewCell.xib */,
			);
			path = TVCollectionViewCell;
			sourceTree = "<group>";
		};
		CE6133A228EA35B900778822 /* Managers */ = {
			isa = PBXGroup;
			children = (
				CE14064928E0F1B100B67410 /* NetworkManager.swift */,
				CE6133A028EA028200778822 /* DataManager.swift */,
				CEFA731C28F054CE00CD0872 /* RealmManager.swift */,
				CEFA732128F0759F00CD0872 /* RepositoryService.swift */,
				CE81D89C28FC7A4100D667A8 /* PaginationService.swift */,
				CECEF5ED28FDB5B100BCB039 /* AlamofireConnectionService.swift */,
				CECEF5EF28FDBA6A00BCB039 /* ConnectionMonitorService.swift */,
				CE3B0F8D2905BF6100616CF0 /* AnimationsService.swift */,
			);
			path = Managers;
			sourceTree = "<group>";
		};
		CE6EFD3E290DC64500924F62 /* TheatresCell */ = {
			isa = PBXGroup;
			children = (
				CE6EFD3F290DC6AD00924F62 /* TheatresCollectionViewCell.swift */,
				CE6EFD40290DC6AD00924F62 /* TheatresCollectionViewCell.xib */,
			);
			path = TheatresCell;
			sourceTree = "<group>";
		};
		CE9D61DE28E8EFCD0007287D /* Extensions */ = {
			isa = PBXGroup;
			children = (
				CE52C23928EA46FD0076DBBD /* UIImageView+Downloaded.swift */,
				CEC003B528F780A5005B8B4E /* String+ isBlank.swift */,
				CE81D89E28FC895700D667A8 /* UIViewController+ add+removeChildView.swift */,
			);
			path = Extensions;
			sourceTree = "<group>";
		};
		CEB3450D28E23E0A00451A6F /* MovieTab */ = {
			isa = PBXGroup;
			children = (
				CE14D98028F8638C00CEEB02 /* MovieTableViewCell */,
				CEC7BD5728E3A78E00A7CDD6 /* MovieCollectionViewCell */,
			);
			path = MovieTab;
			sourceTree = "<group>";
		};
		CEC7BD5728E3A78E00A7CDD6 /* MovieCollectionViewCell */ = {
			isa = PBXGroup;
			children = (
				CEC7BD5328E3A78700A7CDD6 /* MovieCollectionViewCell.swift */,
				CEC7BD5428E3A78700A7CDD6 /* MovieCollectionViewCell.xib */,
			);
			path = MovieCollectionViewCell;
			sourceTree = "<group>";
		};
		CEF2F1132907252300387B5D /* MainTab */ = {
			isa = PBXGroup;
			children = (
				CE2F03B829073B40001DFADE /* CompositionalLayout */,
			);
			path = MainTab;
			sourceTree = "<group>";
		};
		CEFA731E28F054EC00CD0872 /* RealmModels */ = {
			isa = PBXGroup;
			children = (
				CEFA731F28F05B4A00CD0872 /* FavoriteMoviesRealmModel.swift */,
				CEAF650F28F462420032DF55 /* FavoriteTVRealmModel.swift */,
				CED374E428F619C1006D95A9 /* SearchMovieRealmModel.swift */,
				CED374E628F61A5C006D95A9 /* SearchTVRealmModel.swift */,
			);
			path = RealmModels;
			sourceTree = "<group>";
		};
		CEFF39EE28FB0A8C00405F73 /* TVTab */ = {
			isa = PBXGroup;
			children = (
				CE3682BA28FB151600B4A356 /* TVTableViewCell */,
				CE3682BF28FB3B1C00B4A356 /* TVCollectionViewCell */,
			);
			path = TVTab;
			sourceTree = "<group>";
		};
/* End PBXGroup section */

/* Begin PBXNativeTarget section */
		CE14062C28E0C57D00B67410 /* Movie App */ = {
			isa = PBXNativeTarget;
			buildConfigurationList = CE14064128E0C57F00B67410 /* Build configuration list for PBXNativeTarget "Movie App" */;
			buildPhases = (
				F8EE4C0F41896792C6C660C6 /* [CP] Check Pods Manifest.lock */,
				CE14062928E0C57D00B67410 /* Sources */,
				CE14062A28E0C57D00B67410 /* Frameworks */,
				CE14062B28E0C57D00B67410 /* Resources */,
				475FF771623994C56D8D4BBE /* [CP] Embed Pods Frameworks */,
			);
			buildRules = (
			);
			dependencies = (
			);
			name = "Movie App";
			productName = "Movie App";
			productReference = CE14062D28E0C57D00B67410 /* Movie App.app */;
			productType = "com.apple.product-type.application";
		};
/* End PBXNativeTarget section */

/* Begin PBXProject section */
		CE14062528E0C57D00B67410 /* Project object */ = {
			isa = PBXProject;
			attributes = {
				BuildIndependentTargetsInParallel = 1;
				LastSwiftUpdateCheck = 1400;
				LastUpgradeCheck = 1400;
				TargetAttributes = {
					CE14062C28E0C57D00B67410 = {
						CreatedOnToolsVersion = 14.0;
					};
				};
			};
			buildConfigurationList = CE14062828E0C57D00B67410 /* Build configuration list for PBXProject "Movie App" */;
			compatibilityVersion = "Xcode 14.0";
			developmentRegion = en;
			hasScannedForEncodings = 0;
			knownRegions = (
				en,
				Base,
			);
			mainGroup = CE14062428E0C57D00B67410;
			productRefGroup = CE14062E28E0C57D00B67410 /* Products */;
			projectDirPath = "";
			projectRoot = "";
			targets = (
				CE14062C28E0C57D00B67410 /* Movie App */,
			);
		};
/* End PBXProject section */

/* Begin PBXResourcesBuildPhase section */
		CE14062B28E0C57D00B67410 /* Resources */ = {
			isa = PBXResourcesBuildPhase;
			buildActionMask = 2147483647;
			files = (
				CE14063D28E0C57F00B67410 /* LaunchScreen.storyboard in Resources */,
				CED374EB28F625B6006D95A9 /* PreviousRequestsTableViewCell.xib in Resources */,
				CE2F03BF29073CFB001DFADE /* PopularNowCollectionViewCell.xib in Resources */,
				CE23DF0228F4D45D006A16EB /* SearchTableViewCell.xib in Resources */,
				CE6EFD42290DC6AD00924F62 /* TheatresCollectionViewCell.xib in Resources */,
				CE3682BE28FB154700B4A356 /* TVTableViewCell.xib in Resources */,
				CEC7BD5228E39B9300A7CDD6 /* MovieTableViewCell.xib in Resources */,
				CE169E4928EE34AF00FF9FB0 /* FavouritesTableViewCell.xib in Resources */,
				CEF714A52905C8B000441D25 /* movie.json in Resources */,
				CE14063A28E0C57F00B67410 /* Assets.xcassets in Resources */,
				CE14064828E0ED7D00B67410 /* Podfile in Resources */,
				CE3682C328FB3B5E00B4A356 /* TVCollectionViewCell.xib in Resources */,
				CEC7BD5628E3A78700A7CDD6 /* MovieCollectionViewCell.xib in Resources */,
				CE5B08332907415E003D9F85 /* MediaCollectionViewCell.xib in Resources */,
				CE14063828E0C57D00B67410 /* Main.storyboard in Resources */,
			);
			runOnlyForDeploymentPostprocessing = 0;
		};
/* End PBXResourcesBuildPhase section */

/* Begin PBXShellScriptBuildPhase section */
		475FF771623994C56D8D4BBE /* [CP] Embed Pods Frameworks */ = {
			isa = PBXShellScriptBuildPhase;
			buildActionMask = 2147483647;
			files = (
			);
			inputFileListPaths = (
				"${PODS_ROOT}/Target Support Files/Pods-Movie App/Pods-Movie App-frameworks-${CONFIGURATION}-input-files.xcfilelist",
			);
			name = "[CP] Embed Pods Frameworks";
			outputFileListPaths = (
				"${PODS_ROOT}/Target Support Files/Pods-Movie App/Pods-Movie App-frameworks-${CONFIGURATION}-output-files.xcfilelist",
			);
			runOnlyForDeploymentPostprocessing = 0;
			shellPath = /bin/sh;
			shellScript = "\"${PODS_ROOT}/Target Support Files/Pods-Movie App/Pods-Movie App-frameworks.sh\"\n";
			showEnvVarsInLog = 0;
		};
		F8EE4C0F41896792C6C660C6 /* [CP] Check Pods Manifest.lock */ = {
			isa = PBXShellScriptBuildPhase;
			buildActionMask = 2147483647;
			files = (
			);
			inputFileListPaths = (
			);
			inputPaths = (
				"${PODS_PODFILE_DIR_PATH}/Podfile.lock",
				"${PODS_ROOT}/Manifest.lock",
			);
			name = "[CP] Check Pods Manifest.lock";
			outputFileListPaths = (
			);
			outputPaths = (
				"$(DERIVED_FILE_DIR)/Pods-Movie App-checkManifestLockResult.txt",
			);
			runOnlyForDeploymentPostprocessing = 0;
			shellPath = /bin/sh;
			shellScript = "diff \"${PODS_PODFILE_DIR_PATH}/Podfile.lock\" \"${PODS_ROOT}/Manifest.lock\" > /dev/null\nif [ $? != 0 ] ; then\n    # print error to STDERR\n    echo \"error: The sandbox is not in sync with the Podfile.lock. Run 'pod install' or update your CocoaPods installation.\" >&2\n    exit 1\nfi\n# This output is used by Xcode 'outputs' to avoid re-running this script phase.\necho \"SUCCESS\" > \"${SCRIPT_OUTPUT_FILE_0}\"\n";
			showEnvVarsInLog = 0;
		};
/* End PBXShellScriptBuildPhase section */

/* Begin PBXSourcesBuildPhase section */
		CE14062928E0C57D00B67410 /* Sources */ = {
			isa = PBXSourcesBuildPhase;
			buildActionMask = 2147483647;
			files = (
				CE6EFD41290DC6AD00924F62 /* TheatresCollectionViewCell.swift in Sources */,
				CE6EFD44290DC82600924F62 /* InTheatresFooterView.swift in Sources */,
				CEB3450B28E23E0100451A6F /* MovieViewController.swift in Sources */,
				CE3682BD28FB154700B4A356 /* TVTableViewCell.swift in Sources */,
				CED374E728F61A5C006D95A9 /* SearchTVRealmModel.swift in Sources */,
				CECEF5EE28FDB5B100BCB039 /* AlamofireConnectionService.swift in Sources */,
				CE14064A28E0F1B100B67410 /* NetworkManager.swift in Sources */,
				CE14063528E0C57D00B67410 /* AuthenticationViewController.swift in Sources */,
				CECD9B1E290C88FF0013992F /* TVHeader.swift in Sources */,
				CE169E4828EE34AF00FF9FB0 /* FavouritesTableViewCell.swift in Sources */,
				CE2F03BE29073CFB001DFADE /* PopularNowCollectionViewCell.swift in Sources */,
				CE08EB3928E33F320038CC92 /* SearchViewController.swift in Sources */,
				CE70D57328F9DCE700536243 /* LoadingViewController.swift in Sources */,
				CE81D89D28FC7A4100D667A8 /* PaginationService.swift in Sources */,
				CEF4F66A28FB0B60000BC6DA /* TVViewController.swift in Sources */,
				CE5614D628EE15120085A49B /* FavouritesViewControllerViewModel.swift in Sources */,
				CE4E5DDC2904563D0048E65C /* MainViewController.swift in Sources */,
				CEC3408C28EF3FCD00F5275B /* FavoritesResponse.swift in Sources */,
				CE3682C228FB3B5E00B4A356 /* TVCollectionViewCell.swift in Sources */,
				CE2461A12909D59500E295AA /* PopularHeaderView.swift in Sources */,
				CEFA731D28F054CE00CD0872 /* RealmManager.swift in Sources */,
				CEC003B628F780A5005B8B4E /* String+ isBlank.swift in Sources */,
				CE170BDA28E10CC9001323E4 /* SessionModel.swift in Sources */,
				CED374EA28F625B6006D95A9 /* PreviousRequestsTableViewCell.swift in Sources */,
				CE23DF0128F4D45D006A16EB /* SearchTableViewCell.swift in Sources */,
				CEFA732028F05B4A00CD0872 /* FavoriteMoviesRealmModel.swift in Sources */,
				CED374E528F619C1006D95A9 /* SearchMovieRealmModel.swift in Sources */,
				CE3B0F8E2905BF6100616CF0 /* AnimationsService.swift in Sources */,
				CEFA732228F0759F00CD0872 /* RepositoryService.swift in Sources */,
				CE52C23A28EA46FD0076DBBD /* UIImageView+Downloaded.swift in Sources */,
				CE4E5DD9290456190048E65C /* MediaCollectionViewCell.swift in Sources */,
				CE0B874028E4E919005CBA8A /* MovieModel.swift in Sources */,
				CE08EB3D28E34C820038CC92 /* LogOutModel.swift in Sources */,
				CE6133A128EA028200778822 /* DataManager.swift in Sources */,
				CE14063128E0C57D00B67410 /* AppDelegate.swift in Sources */,
				CE2461A42909FFB800E295AA /* MoviesHeaderView.swift in Sources */,
				CE4B415F29086F9800512AC0 /* TrendyMediaModels.swift in Sources */,
				CE6EFD46290DCD0C00924F62 /* NowPlayingModels.swift in Sources */,
				CEC7BD5528E3A78700A7CDD6 /* MovieCollectionViewCell.swift in Sources */,
				CEB3450828E225DF00451A6F /* UserDetailsModel.swift in Sources */,
				CE08EB4028E3526C0038CC92 /* Globals.swift in Sources */,
				CE0B873E28E4DCCA005CBA8A /* GenresModels.swift in Sources */,
				CE14064C28E0F38D00B67410 /* TokenModel.swift in Sources */,
				CE08EB3B28E33FF70038CC92 /* FavouritesViewController.swift in Sources */,
				CEAF651028F462420032DF55 /* FavoriteTVRealmModel.swift in Sources */,
				CEC7BD5128E39B9300A7CDD6 /* MovieTableViewCell.swift in Sources */,
				CECEF5F028FDBA6A00BCB039 /* ConnectionMonitorService.swift in Sources */,
				CE81D89F28FC895700D667A8 /* UIViewController+ add+removeChildView.swift in Sources */,
				CE1437F228F38911002A7FBB /* TVModel.swift in Sources */,
				CE2F03BA29073B5A001DFADE /* MainTabLayouts.swift in Sources */,
				CEE9E16328E3707F000424DC /* DetailsScreenViewController.swift in Sources */,
				CE14063328E0C57D00B67410 /* SceneDelegate.swift in Sources */,
			);
			runOnlyForDeploymentPostprocessing = 0;
		};
/* End PBXSourcesBuildPhase section */

/* Begin PBXVariantGroup section */
		CE14063628E0C57D00B67410 /* Main.storyboard */ = {
			isa = PBXVariantGroup;
			children = (
				CE14063728E0C57D00B67410 /* Base */,
			);
			name = Main.storyboard;
			sourceTree = "<group>";
		};
		CE14063B28E0C57F00B67410 /* LaunchScreen.storyboard */ = {
			isa = PBXVariantGroup;
			children = (
				CE14063C28E0C57F00B67410 /* Base */,
			);
			name = LaunchScreen.storyboard;
			sourceTree = "<group>";
		};
/* End PBXVariantGroup section */

/* Begin XCBuildConfiguration section */
		CE14063F28E0C57F00B67410 /* Debug */ = {
			isa = XCBuildConfiguration;
			buildSettings = {
				ALWAYS_SEARCH_USER_PATHS = NO;
				CLANG_ANALYZER_NONNULL = YES;
				CLANG_ANALYZER_NUMBER_OBJECT_CONVERSION = YES_AGGRESSIVE;
				CLANG_CXX_LANGUAGE_STANDARD = "gnu++20";
				CLANG_ENABLE_MODULES = YES;
				CLANG_ENABLE_OBJC_ARC = YES;
				CLANG_ENABLE_OBJC_WEAK = YES;
				CLANG_WARN_BLOCK_CAPTURE_AUTORELEASING = YES;
				CLANG_WARN_BOOL_CONVERSION = YES;
				CLANG_WARN_COMMA = YES;
				CLANG_WARN_CONSTANT_CONVERSION = YES;
				CLANG_WARN_DEPRECATED_OBJC_IMPLEMENTATIONS = YES;
				CLANG_WARN_DIRECT_OBJC_ISA_USAGE = YES_ERROR;
				CLANG_WARN_DOCUMENTATION_COMMENTS = YES;
				CLANG_WARN_EMPTY_BODY = YES;
				CLANG_WARN_ENUM_CONVERSION = YES;
				CLANG_WARN_INFINITE_RECURSION = YES;
				CLANG_WARN_INT_CONVERSION = YES;
				CLANG_WARN_NON_LITERAL_NULL_CONVERSION = YES;
				CLANG_WARN_OBJC_IMPLICIT_RETAIN_SELF = YES;
				CLANG_WARN_OBJC_LITERAL_CONVERSION = YES;
				CLANG_WARN_OBJC_ROOT_CLASS = YES_ERROR;
				CLANG_WARN_QUOTED_INCLUDE_IN_FRAMEWORK_HEADER = YES;
				CLANG_WARN_RANGE_LOOP_ANALYSIS = YES;
				CLANG_WARN_STRICT_PROTOTYPES = YES;
				CLANG_WARN_SUSPICIOUS_MOVE = YES;
				CLANG_WARN_UNGUARDED_AVAILABILITY = YES_AGGRESSIVE;
				CLANG_WARN_UNREACHABLE_CODE = YES;
				CLANG_WARN__DUPLICATE_METHOD_MATCH = YES;
				COPY_PHASE_STRIP = NO;
				DEBUG_INFORMATION_FORMAT = dwarf;
				ENABLE_STRICT_OBJC_MSGSEND = YES;
				ENABLE_TESTABILITY = YES;
				GCC_C_LANGUAGE_STANDARD = gnu11;
				GCC_DYNAMIC_NO_PIC = NO;
				GCC_NO_COMMON_BLOCKS = YES;
				GCC_OPTIMIZATION_LEVEL = 0;
				GCC_PREPROCESSOR_DEFINITIONS = (
					"DEBUG=1",
					"$(inherited)",
				);
				GCC_WARN_64_TO_32_BIT_CONVERSION = YES;
				GCC_WARN_ABOUT_RETURN_TYPE = YES_ERROR;
				GCC_WARN_UNDECLARED_SELECTOR = YES;
				GCC_WARN_UNINITIALIZED_AUTOS = YES_AGGRESSIVE;
				GCC_WARN_UNUSED_FUNCTION = YES;
				GCC_WARN_UNUSED_VARIABLE = YES;
				IPHONEOS_DEPLOYMENT_TARGET = 16.0;
				MTL_ENABLE_DEBUG_INFO = INCLUDE_SOURCE;
				MTL_FAST_MATH = YES;
				ONLY_ACTIVE_ARCH = YES;
				SDKROOT = iphoneos;
				SWIFT_ACTIVE_COMPILATION_CONDITIONS = DEBUG;
				SWIFT_OPTIMIZATION_LEVEL = "-Onone";
			};
			name = Debug;
		};
		CE14064028E0C57F00B67410 /* Release */ = {
			isa = XCBuildConfiguration;
			buildSettings = {
				ALWAYS_SEARCH_USER_PATHS = NO;
				CLANG_ANALYZER_NONNULL = YES;
				CLANG_ANALYZER_NUMBER_OBJECT_CONVERSION = YES_AGGRESSIVE;
				CLANG_CXX_LANGUAGE_STANDARD = "gnu++20";
				CLANG_ENABLE_MODULES = YES;
				CLANG_ENABLE_OBJC_ARC = YES;
				CLANG_ENABLE_OBJC_WEAK = YES;
				CLANG_WARN_BLOCK_CAPTURE_AUTORELEASING = YES;
				CLANG_WARN_BOOL_CONVERSION = YES;
				CLANG_WARN_COMMA = YES;
				CLANG_WARN_CONSTANT_CONVERSION = YES;
				CLANG_WARN_DEPRECATED_OBJC_IMPLEMENTATIONS = YES;
				CLANG_WARN_DIRECT_OBJC_ISA_USAGE = YES_ERROR;
				CLANG_WARN_DOCUMENTATION_COMMENTS = YES;
				CLANG_WARN_EMPTY_BODY = YES;
				CLANG_WARN_ENUM_CONVERSION = YES;
				CLANG_WARN_INFINITE_RECURSION = YES;
				CLANG_WARN_INT_CONVERSION = YES;
				CLANG_WARN_NON_LITERAL_NULL_CONVERSION = YES;
				CLANG_WARN_OBJC_IMPLICIT_RETAIN_SELF = YES;
				CLANG_WARN_OBJC_LITERAL_CONVERSION = YES;
				CLANG_WARN_OBJC_ROOT_CLASS = YES_ERROR;
				CLANG_WARN_QUOTED_INCLUDE_IN_FRAMEWORK_HEADER = YES;
				CLANG_WARN_RANGE_LOOP_ANALYSIS = YES;
				CLANG_WARN_STRICT_PROTOTYPES = YES;
				CLANG_WARN_SUSPICIOUS_MOVE = YES;
				CLANG_WARN_UNGUARDED_AVAILABILITY = YES_AGGRESSIVE;
				CLANG_WARN_UNREACHABLE_CODE = YES;
				CLANG_WARN__DUPLICATE_METHOD_MATCH = YES;
				COPY_PHASE_STRIP = NO;
				DEBUG_INFORMATION_FORMAT = "dwarf-with-dsym";
				ENABLE_NS_ASSERTIONS = NO;
				ENABLE_STRICT_OBJC_MSGSEND = YES;
				GCC_C_LANGUAGE_STANDARD = gnu11;
				GCC_NO_COMMON_BLOCKS = YES;
				GCC_WARN_64_TO_32_BIT_CONVERSION = YES;
				GCC_WARN_ABOUT_RETURN_TYPE = YES_ERROR;
				GCC_WARN_UNDECLARED_SELECTOR = YES;
				GCC_WARN_UNINITIALIZED_AUTOS = YES_AGGRESSIVE;
				GCC_WARN_UNUSED_FUNCTION = YES;
				GCC_WARN_UNUSED_VARIABLE = YES;
				IPHONEOS_DEPLOYMENT_TARGET = 16.0;
				MTL_ENABLE_DEBUG_INFO = NO;
				MTL_FAST_MATH = YES;
				SDKROOT = iphoneos;
				SWIFT_COMPILATION_MODE = wholemodule;
				SWIFT_OPTIMIZATION_LEVEL = "-O";
				VALIDATE_PRODUCT = YES;
			};
			name = Release;
		};
		CE14064228E0C57F00B67410 /* Debug */ = {
			isa = XCBuildConfiguration;
			baseConfigurationReference = 7DB7309CB6416449FB29826B /* Pods-Movie App.debug.xcconfig */;
			buildSettings = {
				ASSETCATALOG_COMPILER_APPICON_NAME = AppIcon;
				ASSETCATALOG_COMPILER_GLOBAL_ACCENT_COLOR_NAME = AccentColor;
				CODE_SIGN_IDENTITY = "Apple Development";
				CODE_SIGN_STYLE = Automatic;
				CURRENT_PROJECT_VERSION = 1;
				DEVELOPMENT_TEAM = T999GJYMD3;
				GENERATE_INFOPLIST_FILE = YES;
				INFOPLIST_FILE = "Movie App/Info.plist";
				INFOPLIST_KEY_UIApplicationSupportsIndirectInputEvents = YES;
				INFOPLIST_KEY_UILaunchStoryboardName = LaunchScreen;
				INFOPLIST_KEY_UIMainStoryboardFile = Main;
				INFOPLIST_KEY_UISupportedInterfaceOrientations = "UIInterfaceOrientationLandscapeLeft UIInterfaceOrientationLandscapeRight UIInterfaceOrientationPortrait UIInterfaceOrientationPortraitUpsideDown";
				IPHONEOS_DEPLOYMENT_TARGET = 15.5;
				LD_RUNPATH_SEARCH_PATHS = (
					"$(inherited)",
					"@executable_path/Frameworks",
				);
				MARKETING_VERSION = 1.0;
				PRODUCT_BUNDLE_IDENTIFIER = "com.example.Movie-App";
				PRODUCT_NAME = "$(TARGET_NAME)";
				PROVISIONING_PROFILE_SPECIFIER = "";
				SWIFT_EMIT_LOC_STRINGS = YES;
				SWIFT_VERSION = 5.0;
				TARGETED_DEVICE_FAMILY = "1,2";
			};
			name = Debug;
		};
		CE14064328E0C57F00B67410 /* Release */ = {
			isa = XCBuildConfiguration;
			baseConfigurationReference = 8B58C7A4B0A0C166C2D96763 /* Pods-Movie App.release.xcconfig */;
			buildSettings = {
				ASSETCATALOG_COMPILER_APPICON_NAME = AppIcon;
				ASSETCATALOG_COMPILER_GLOBAL_ACCENT_COLOR_NAME = AccentColor;
				CODE_SIGN_IDENTITY = "Apple Development";
				CODE_SIGN_STYLE = Automatic;
				CURRENT_PROJECT_VERSION = 1;
				DEVELOPMENT_TEAM = T999GJYMD3;
				GENERATE_INFOPLIST_FILE = YES;
				INFOPLIST_FILE = "Movie App/Info.plist";
				INFOPLIST_KEY_UIApplicationSupportsIndirectInputEvents = YES;
				INFOPLIST_KEY_UILaunchStoryboardName = LaunchScreen;
				INFOPLIST_KEY_UIMainStoryboardFile = Main;
				INFOPLIST_KEY_UISupportedInterfaceOrientations = "UIInterfaceOrientationLandscapeLeft UIInterfaceOrientationLandscapeRight UIInterfaceOrientationPortrait UIInterfaceOrientationPortraitUpsideDown";
				IPHONEOS_DEPLOYMENT_TARGET = 15.5;
				LD_RUNPATH_SEARCH_PATHS = (
					"$(inherited)",
					"@executable_path/Frameworks",
				);
				MARKETING_VERSION = 1.0;
				PRODUCT_BUNDLE_IDENTIFIER = "com.example.Movie-App";
				PRODUCT_NAME = "$(TARGET_NAME)";
				PROVISIONING_PROFILE_SPECIFIER = "";
				SWIFT_EMIT_LOC_STRINGS = YES;
				SWIFT_VERSION = 5.0;
				TARGETED_DEVICE_FAMILY = "1,2";
			};
			name = Release;
		};
/* End XCBuildConfiguration section */

/* Begin XCConfigurationList section */
		CE14062828E0C57D00B67410 /* Build configuration list for PBXProject "Movie App" */ = {
			isa = XCConfigurationList;
			buildConfigurations = (
				CE14063F28E0C57F00B67410 /* Debug */,
				CE14064028E0C57F00B67410 /* Release */,
			);
			defaultConfigurationIsVisible = 0;
			defaultConfigurationName = Release;
		};
		CE14064128E0C57F00B67410 /* Build configuration list for PBXNativeTarget "Movie App" */ = {
			isa = XCConfigurationList;
			buildConfigurations = (
				CE14064228E0C57F00B67410 /* Debug */,
				CE14064328E0C57F00B67410 /* Release */,
			);
			defaultConfigurationIsVisible = 0;
			defaultConfigurationName = Release;
		};
/* End XCConfigurationList section */
	};
	rootObject = CE14062528E0C57D00B67410 /* Project object */;
}
