// !$*UTF8*$!
{
	archiveVersion = 1;
	classes = {
	};
	objectVersion = 56;
	objects = {

/* Begin PBXBuildFile section */
		CE08EB3928E33F320038CC92 /* SearchViewController.swift in Sources */ = {isa = PBXBuildFile; fileRef = CE08EB3828E33F320038CC92 /* SearchViewController.swift */; };
		CE08EB3B28E33FF70038CC92 /* FavouritesViewController.swift in Sources */ = {isa = PBXBuildFile; fileRef = CE08EB3A28E33FF70038CC92 /* FavouritesViewController.swift */; };
		CE08EB3D28E34C820038CC92 /* LogOutModel.swift in Sources */ = {isa = PBXBuildFile; fileRef = CE08EB3C28E34C820038CC92 /* LogOutModel.swift */; };
		CE08EB4028E3526C0038CC92 /* Globals.swift in Sources */ = {isa = PBXBuildFile; fileRef = CE08EB3F28E3526C0038CC92 /* Globals.swift */; };
		CE14063128E0C57D00B67410 /* AppDelegate.swift in Sources */ = {isa = PBXBuildFile; fileRef = CE14063028E0C57D00B67410 /* AppDelegate.swift */; };
		CE14063328E0C57D00B67410 /* SceneDelegate.swift in Sources */ = {isa = PBXBuildFile; fileRef = CE14063228E0C57D00B67410 /* SceneDelegate.swift */; };
		CE14063528E0C57D00B67410 /* AuthenticationViewController.swift in Sources */ = {isa = PBXBuildFile; fileRef = CE14063428E0C57D00B67410 /* AuthenticationViewController.swift */; };
		CE14063828E0C57D00B67410 /* Main.storyboard in Resources */ = {isa = PBXBuildFile; fileRef = CE14063628E0C57D00B67410 /* Main.storyboard */; };
		CE14063A28E0C57F00B67410 /* Assets.xcassets in Resources */ = {isa = PBXBuildFile; fileRef = CE14063928E0C57F00B67410 /* Assets.xcassets */; };
		CE14063D28E0C57F00B67410 /* LaunchScreen.storyboard in Resources */ = {isa = PBXBuildFile; fileRef = CE14063B28E0C57F00B67410 /* LaunchScreen.storyboard */; };
		CE14064828E0ED7D00B67410 /* Podfile in Resources */ = {isa = PBXBuildFile; fileRef = CE14064728E0ED7D00B67410 /* Podfile */; };
		CE14064A28E0F1B100B67410 /* NetworkManager.swift in Sources */ = {isa = PBXBuildFile; fileRef = CE14064928E0F1B100B67410 /* NetworkManager.swift */; };
		CE14064C28E0F38D00B67410 /* TokenModel.swift in Sources */ = {isa = PBXBuildFile; fileRef = CE14064B28E0F38D00B67410 /* TokenModel.swift */; };
		CE170BDA28E10CC9001323E4 /* SessionModel.swift in Sources */ = {isa = PBXBuildFile; fileRef = CE170BD928E10CC9001323E4 /* SessionModel.swift */; };
		CEB3450828E225DF00451A6F /* UserDetailsModel.swift in Sources */ = {isa = PBXBuildFile; fileRef = CEB3450728E225DF00451A6F /* UserDetailsModel.swift */; };
		CEB3450B28E23E0100451A6F /* GenresViewController.swift in Sources */ = {isa = PBXBuildFile; fileRef = CEB3450928E23E0100451A6F /* GenresViewController.swift */; };
		D56FA2DAE280F28A3B4AC642 /* Pods_Movie_App.framework in Frameworks */ = {isa = PBXBuildFile; fileRef = 0C9D48116088435D42259085 /* Pods_Movie_App.framework */; };
/* End PBXBuildFile section */

/* Begin PBXFileReference section */
		0C9D48116088435D42259085 /* Pods_Movie_App.framework */ = {isa = PBXFileReference; explicitFileType = wrapper.framework; includeInIndex = 0; path = Pods_Movie_App.framework; sourceTree = BUILT_PRODUCTS_DIR; };
		7DB7309CB6416449FB29826B /* Pods-Movie App.debug.xcconfig */ = {isa = PBXFileReference; includeInIndex = 1; lastKnownFileType = text.xcconfig; name = "Pods-Movie App.debug.xcconfig"; path = "Target Support Files/Pods-Movie App/Pods-Movie App.debug.xcconfig"; sourceTree = "<group>"; };
		8B58C7A4B0A0C166C2D96763 /* Pods-Movie App.release.xcconfig */ = {isa = PBXFileReference; includeInIndex = 1; lastKnownFileType = text.xcconfig; name = "Pods-Movie App.release.xcconfig"; path = "Target Support Files/Pods-Movie App/Pods-Movie App.release.xcconfig"; sourceTree = "<group>"; };
		CE08EB3828E33F320038CC92 /* SearchViewController.swift */ = {isa = PBXFileReference; lastKnownFileType = sourcecode.swift; path = SearchViewController.swift; sourceTree = "<group>"; };
		CE08EB3A28E33FF70038CC92 /* FavouritesViewController.swift */ = {isa = PBXFileReference; lastKnownFileType = sourcecode.swift; path = FavouritesViewController.swift; sourceTree = "<group>"; };
		CE08EB3C28E34C820038CC92 /* LogOutModel.swift */ = {isa = PBXFileReference; lastKnownFileType = sourcecode.swift; path = LogOutModel.swift; sourceTree = "<group>"; };
		CE08EB3F28E3526C0038CC92 /* Globals.swift */ = {isa = PBXFileReference; lastKnownFileType = sourcecode.swift; path = Globals.swift; sourceTree = "<group>"; };
		CE14062D28E0C57D00B67410 /* Movie App.app */ = {isa = PBXFileReference; explicitFileType = wrapper.application; includeInIndex = 0; path = "Movie App.app"; sourceTree = BUILT_PRODUCTS_DIR; };
		CE14063028E0C57D00B67410 /* AppDelegate.swift */ = {isa = PBXFileReference; lastKnownFileType = sourcecode.swift; path = AppDelegate.swift; sourceTree = "<group>"; };
		CE14063228E0C57D00B67410 /* SceneDelegate.swift */ = {isa = PBXFileReference; lastKnownFileType = sourcecode.swift; path = SceneDelegate.swift; sourceTree = "<group>"; };
		CE14063428E0C57D00B67410 /* AuthenticationViewController.swift */ = {isa = PBXFileReference; lastKnownFileType = sourcecode.swift; path = AuthenticationViewController.swift; sourceTree = "<group>"; };
		CE14063728E0C57D00B67410 /* Base */ = {isa = PBXFileReference; lastKnownFileType = file.storyboard; name = Base; path = Base.lproj/Main.storyboard; sourceTree = "<group>"; };
		CE14063928E0C57F00B67410 /* Assets.xcassets */ = {isa = PBXFileReference; lastKnownFileType = folder.assetcatalog; path = Assets.xcassets; sourceTree = "<group>"; };
		CE14063C28E0C57F00B67410 /* Base */ = {isa = PBXFileReference; lastKnownFileType = file.storyboard; name = Base; path = Base.lproj/LaunchScreen.storyboard; sourceTree = "<group>"; };
		CE14063E28E0C57F00B67410 /* Info.plist */ = {isa = PBXFileReference; lastKnownFileType = text.plist.xml; path = Info.plist; sourceTree = "<group>"; };
		CE14064728E0ED7D00B67410 /* Podfile */ = {isa = PBXFileReference; fileEncoding = 4; lastKnownFileType = text; path = Podfile; sourceTree = "<group>"; xcLanguageSpecificationIdentifier = xcode.lang.ruby; };
		CE14064928E0F1B100B67410 /* NetworkManager.swift */ = {isa = PBXFileReference; lastKnownFileType = sourcecode.swift; path = NetworkManager.swift; sourceTree = "<group>"; };
		CE14064B28E0F38D00B67410 /* TokenModel.swift */ = {isa = PBXFileReference; lastKnownFileType = sourcecode.swift; path = TokenModel.swift; sourceTree = "<group>"; };
		CE170BD928E10CC9001323E4 /* SessionModel.swift */ = {isa = PBXFileReference; lastKnownFileType = sourcecode.swift; path = SessionModel.swift; sourceTree = "<group>"; };
		CEB3450728E225DF00451A6F /* UserDetailsModel.swift */ = {isa = PBXFileReference; lastKnownFileType = sourcecode.swift; path = UserDetailsModel.swift; sourceTree = "<group>"; };
		CEB3450928E23E0100451A6F /* GenresViewController.swift */ = {isa = PBXFileReference; lastKnownFileType = sourcecode.swift; path = GenresViewController.swift; sourceTree = "<group>"; };
/* End PBXFileReference section */

/* Begin PBXFrameworksBuildPhase section */
		CE14062A28E0C57D00B67410 /* Frameworks */ = {
			isa = PBXFrameworksBuildPhase;
			buildActionMask = 2147483647;
			files = (
				D56FA2DAE280F28A3B4AC642 /* Pods_Movie_App.framework in Frameworks */,
			);
			runOnlyForDeploymentPostprocessing = 0;
		};
/* End PBXFrameworksBuildPhase section */

/* Begin PBXGroup section */
		662B0837720BBACE8B4E8D7A /* Pods */ = {
			isa = PBXGroup;
			children = (
				7DB7309CB6416449FB29826B /* Pods-Movie App.debug.xcconfig */,
				8B58C7A4B0A0C166C2D96763 /* Pods-Movie App.release.xcconfig */,
			);
			path = Pods;
			sourceTree = "<group>";
		};
		9C403841E9A8E66A1EFD40A6 /* Frameworks */ = {
			isa = PBXGroup;
			children = (
				0C9D48116088435D42259085 /* Pods_Movie_App.framework */,
			);
			name = Frameworks;
			sourceTree = "<group>";
		};
		CE08EB3728E33EE30038CC92 /* SearchTab */ = {
			isa = PBXGroup;
			children = (
			);
			path = SearchTab;
			sourceTree = "<group>";
		};
		CE08EB3E28E352560038CC92 /* Data */ = {
			isa = PBXGroup;
			children = (
				CE08EB3F28E3526C0038CC92 /* Globals.swift */,
			);
			path = Data;
			sourceTree = "<group>";
		};
		CE14062428E0C57D00B67410 = {
			isa = PBXGroup;
			children = (
				CE14064728E0ED7D00B67410 /* Podfile */,
				CE14062F28E0C57D00B67410 /* Movie App */,
				CE14062E28E0C57D00B67410 /* Products */,
				662B0837720BBACE8B4E8D7A /* Pods */,
				9C403841E9A8E66A1EFD40A6 /* Frameworks */,
			);
			sourceTree = "<group>";
		};
		CE14062E28E0C57D00B67410 /* Products */ = {
			isa = PBXGroup;
			children = (
				CE14062D28E0C57D00B67410 /* Movie App.app */,
			);
			name = Products;
			sourceTree = "<group>";
		};
		CE14062F28E0C57D00B67410 /* Movie App */ = {
			isa = PBXGroup;
			children = (
				CE08EB3E28E352560038CC92 /* Data */,
				CE14064428E0EC1200B67410 /* Models */,
				CE14064528E0EC1C00B67410 /* Views */,
				CE14064628E0EC2400B67410 /* Controllers */,
				CE14063028E0C57D00B67410 /* AppDelegate.swift */,
				CE14063228E0C57D00B67410 /* SceneDelegate.swift */,
				CE14063928E0C57F00B67410 /* Assets.xcassets */,
				CE14063B28E0C57F00B67410 /* LaunchScreen.storyboard */,
				CE14063E28E0C57F00B67410 /* Info.plist */,
			);
			path = "Movie App";
			sourceTree = "<group>";
		};
		CE14064428E0EC1200B67410 /* Models */ = {
			isa = PBXGroup;
			children = (
				CE14064928E0F1B100B67410 /* NetworkManager.swift */,
				CE14064B28E0F38D00B67410 /* TokenModel.swift */,
				CE170BD928E10CC9001323E4 /* SessionModel.swift */,
				CEB3450728E225DF00451A6F /* UserDetailsModel.swift */,
				CE08EB3C28E34C820038CC92 /* LogOutModel.swift */,
			);
			path = Models;
			sourceTree = "<group>";
		};
		CE14064528E0EC1C00B67410 /* Views */ = {
			isa = PBXGroup;
			children = (
				CE14063628E0C57D00B67410 /* Main.storyboard */,
				CE08EB3728E33EE30038CC92 /* SearchTab */,
				CEB3450D28E23E0A00451A6F /* GenresTab */,
			);
			path = Views;
			sourceTree = "<group>";
		};
		CE14064628E0EC2400B67410 /* Controllers */ = {
			isa = PBXGroup;
			children = (
				CE14063428E0C57D00B67410 /* AuthenticationViewController.swift */,
				CEB3450928E23E0100451A6F /* GenresViewController.swift */,
				CE08EB3828E33F320038CC92 /* SearchViewController.swift */,
				CE08EB3A28E33FF70038CC92 /* FavouritesViewController.swift */,
			);
			path = Controllers;
			sourceTree = "<group>";
		};
		CEB3450D28E23E0A00451A6F /* GenresTab */ = {
			isa = PBXGroup;
			children = (
			);
			path = GenresTab;
			sourceTree = "<group>";
		};
/* End PBXGroup section */

/* Begin PBXNativeTarget section */
		CE14062C28E0C57D00B67410 /* Movie App */ = {
			isa = PBXNativeTarget;
			buildConfigurationList = CE14064128E0C57F00B67410 /* Build configuration list for PBXNativeTarget "Movie App" */;
			buildPhases = (
				F8EE4C0F41896792C6C660C6 /* [CP] Check Pods Manifest.lock */,
				CE14062928E0C57D00B67410 /* Sources */,
				CE14062A28E0C57D00B67410 /* Frameworks */,
				CE14062B28E0C57D00B67410 /* Resources */,
				475FF771623994C56D8D4BBE /* [CP] Embed Pods Frameworks */,
			);
			buildRules = (
			);
			dependencies = (
			);
			name = "Movie App";
			productName = "Movie App";
			productReference = CE14062D28E0C57D00B67410 /* Movie App.app */;
			productType = "com.apple.product-type.application";
		};
/* End PBXNativeTarget section */

/* Begin PBXProject section */
		CE14062528E0C57D00B67410 /* Project object */ = {
			isa = PBXProject;
			attributes = {
				BuildIndependentTargetsInParallel = 1;
				LastSwiftUpdateCheck = 1400;
				LastUpgradeCheck = 1400;
				TargetAttributes = {
					CE14062C28E0C57D00B67410 = {
						CreatedOnToolsVersion = 14.0;
					};
				};
			};
			buildConfigurationList = CE14062828E0C57D00B67410 /* Build configuration list for PBXProject "Movie App" */;
			compatibilityVersion = "Xcode 14.0";
			developmentRegion = en;
			hasScannedForEncodings = 0;
			knownRegions = (
				en,
				Base,
			);
			mainGroup = CE14062428E0C57D00B67410;
			productRefGroup = CE14062E28E0C57D00B67410 /* Products */;
			projectDirPath = "";
			projectRoot = "";
			targets = (
				CE14062C28E0C57D00B67410 /* Movie App */,
			);
		};
/* End PBXProject section */

/* Begin PBXResourcesBuildPhase section */
		CE14062B28E0C57D00B67410 /* Resources */ = {
			isa = PBXResourcesBuildPhase;
			buildActionMask = 2147483647;
			files = (
				CE14063D28E0C57F00B67410 /* LaunchScreen.storyboard in Resources */,
				CE14063A28E0C57F00B67410 /* Assets.xcassets in Resources */,
				CE14064828E0ED7D00B67410 /* Podfile in Resources */,
				CE14063828E0C57D00B67410 /* Main.storyboard in Resources */,
			);
			runOnlyForDeploymentPostprocessing = 0;
		};
/* End PBXResourcesBuildPhase section */

/* Begin PBXShellScriptBuildPhase section */
		475FF771623994C56D8D4BBE /* [CP] Embed Pods Frameworks */ = {
			isa = PBXShellScriptBuildPhase;
			buildActionMask = 2147483647;
			files = (
			);
			inputFileListPaths = (
				"${PODS_ROOT}/Target Support Files/Pods-Movie App/Pods-Movie App-frameworks-${CONFIGURATION}-input-files.xcfilelist",
			);
			name = "[CP] Embed Pods Frameworks";
			outputFileListPaths = (
				"${PODS_ROOT}/Target Support Files/Pods-Movie App/Pods-Movie App-frameworks-${CONFIGURATION}-output-files.xcfilelist",
			);
			runOnlyForDeploymentPostprocessing = 0;
			shellPath = /bin/sh;
			shellScript = "\"${PODS_ROOT}/Target Support Files/Pods-Movie App/Pods-Movie App-frameworks.sh\"\n";
			showEnvVarsInLog = 0;
		};
		F8EE4C0F41896792C6C660C6 /* [CP] Check Pods Manifest.lock */ = {
			isa = PBXShellScriptBuildPhase;
			buildActionMask = 2147483647;
			files = (
			);
			inputFileListPaths = (
			);
			inputPaths = (
				"${PODS_PODFILE_DIR_PATH}/Podfile.lock",
				"${PODS_ROOT}/Manifest.lock",
			);
			name = "[CP] Check Pods Manifest.lock";
			outputFileListPaths = (
			);
			outputPaths = (
				"$(DERIVED_FILE_DIR)/Pods-Movie App-checkManifestLockResult.txt",
			);
			runOnlyForDeploymentPostprocessing = 0;
			shellPath = /bin/sh;
			shellScript = "diff \"${PODS_PODFILE_DIR_PATH}/Podfile.lock\" \"${PODS_ROOT}/Manifest.lock\" > /dev/null\nif [ $? != 0 ] ; then\n    # print error to STDERR\n    echo \"error: The sandbox is not in sync with the Podfile.lock. Run 'pod install' or update your CocoaPods installation.\" >&2\n    exit 1\nfi\n# This output is used by Xcode 'outputs' to avoid re-running this script phase.\necho \"SUCCESS\" > \"${SCRIPT_OUTPUT_FILE_0}\"\n";
			showEnvVarsInLog = 0;
		};
/* End PBXShellScriptBuildPhase section */

/* Begin PBXSourcesBuildPhase section */
		CE14062928E0C57D00B67410 /* Sources */ = {
			isa = PBXSourcesBuildPhase;
			buildActionMask = 2147483647;
			files = (
				CEB3450B28E23E0100451A6F /* GenresViewController.swift in Sources */,
				CE14064A28E0F1B100B67410 /* NetworkManager.swift in Sources */,
				CE14063528E0C57D00B67410 /* AuthenticationViewController.swift in Sources */,
				CE08EB3928E33F320038CC92 /* SearchViewController.swift in Sources */,
				CE170BDA28E10CC9001323E4 /* SessionModel.swift in Sources */,
				CE08EB3D28E34C820038CC92 /* LogOutModel.swift in Sources */,
				CE14063128E0C57D00B67410 /* AppDelegate.swift in Sources */,
				CEB3450828E225DF00451A6F /* UserDetailsModel.swift in Sources */,
				CE08EB4028E3526C0038CC92 /* Globals.swift in Sources */,
				CE14064C28E0F38D00B67410 /* TokenModel.swift in Sources */,
				CE08EB3B28E33FF70038CC92 /* FavouritesViewController.swift in Sources */,
				CE14063328E0C57D00B67410 /* SceneDelegate.swift in Sources */,
			);
			runOnlyForDeploymentPostprocessing = 0;
		};
/* End PBXSourcesBuildPhase section */

/* Begin PBXVariantGroup section */
		CE14063628E0C57D00B67410 /* Main.storyboard */ = {
			isa = PBXVariantGroup;
			children = (
				CE14063728E0C57D00B67410 /* Base */,
			);
			name = Main.storyboard;
			sourceTree = "<group>";
		};
		CE14063B28E0C57F00B67410 /* LaunchScreen.storyboard */ = {
			isa = PBXVariantGroup;
			children = (
				CE14063C28E0C57F00B67410 /* Base */,
			);
			name = LaunchScreen.storyboard;
			sourceTree = "<group>";
		};
/* End PBXVariantGroup section */

/* Begin XCBuildConfiguration section */
		CE14063F28E0C57F00B67410 /* Debug */ = {
			isa = XCBuildConfiguration;
			buildSettings = {
				ALWAYS_SEARCH_USER_PATHS = NO;
				CLANG_ANALYZER_NONNULL = YES;
				CLANG_ANALYZER_NUMBER_OBJECT_CONVERSION = YES_AGGRESSIVE;
				CLANG_CXX_LANGUAGE_STANDARD = "gnu++20";
				CLANG_ENABLE_MODULES = YES;
				CLANG_ENABLE_OBJC_ARC = YES;
				CLANG_ENABLE_OBJC_WEAK = YES;
				CLANG_WARN_BLOCK_CAPTURE_AUTORELEASING = YES;
				CLANG_WARN_BOOL_CONVERSION = YES;
				CLANG_WARN_COMMA = YES;
				CLANG_WARN_CONSTANT_CONVERSION = YES;
				CLANG_WARN_DEPRECATED_OBJC_IMPLEMENTATIONS = YES;
				CLANG_WARN_DIRECT_OBJC_ISA_USAGE = YES_ERROR;
				CLANG_WARN_DOCUMENTATION_COMMENTS = YES;
				CLANG_WARN_EMPTY_BODY = YES;
				CLANG_WARN_ENUM_CONVERSION = YES;
				CLANG_WARN_INFINITE_RECURSION = YES;
				CLANG_WARN_INT_CONVERSION = YES;
				CLANG_WARN_NON_LITERAL_NULL_CONVERSION = YES;
				CLANG_WARN_OBJC_IMPLICIT_RETAIN_SELF = YES;
				CLANG_WARN_OBJC_LITERAL_CONVERSION = YES;
				CLANG_WARN_OBJC_ROOT_CLASS = YES_ERROR;
				CLANG_WARN_QUOTED_INCLUDE_IN_FRAMEWORK_HEADER = YES;
				CLANG_WARN_RANGE_LOOP_ANALYSIS = YES;
				CLANG_WARN_STRICT_PROTOTYPES = YES;
				CLANG_WARN_SUSPICIOUS_MOVE = YES;
				CLANG_WARN_UNGUARDED_AVAILABILITY = YES_AGGRESSIVE;
				CLANG_WARN_UNREACHABLE_CODE = YES;
				CLANG_WARN__DUPLICATE_METHOD_MATCH = YES;
				COPY_PHASE_STRIP = NO;
				DEBUG_INFORMATION_FORMAT = dwarf;
				ENABLE_STRICT_OBJC_MSGSEND = YES;
				ENABLE_TESTABILITY = YES;
				GCC_C_LANGUAGE_STANDARD = gnu11;
				GCC_DYNAMIC_NO_PIC = NO;
				GCC_NO_COMMON_BLOCKS = YES;
				GCC_OPTIMIZATION_LEVEL = 0;
				GCC_PREPROCESSOR_DEFINITIONS = (
					"DEBUG=1",
					"$(inherited)",
				);
				GCC_WARN_64_TO_32_BIT_CONVERSION = YES;
				GCC_WARN_ABOUT_RETURN_TYPE = YES_ERROR;
				GCC_WARN_UNDECLARED_SELECTOR = YES;
				GCC_WARN_UNINITIALIZED_AUTOS = YES_AGGRESSIVE;
				GCC_WARN_UNUSED_FUNCTION = YES;
				GCC_WARN_UNUSED_VARIABLE = YES;
				IPHONEOS_DEPLOYMENT_TARGET = 16.0;
				MTL_ENABLE_DEBUG_INFO = INCLUDE_SOURCE;
				MTL_FAST_MATH = YES;
				ONLY_ACTIVE_ARCH = YES;
				SDKROOT = iphoneos;
				SWIFT_ACTIVE_COMPILATION_CONDITIONS = DEBUG;
				SWIFT_OPTIMIZATION_LEVEL = "-Onone";
			};
			name = Debug;
		};
		CE14064028E0C57F00B67410 /* Release */ = {
			isa = XCBuildConfiguration;
			buildSettings = {
				ALWAYS_SEARCH_USER_PATHS = NO;
				CLANG_ANALYZER_NONNULL = YES;
				CLANG_ANALYZER_NUMBER_OBJECT_CONVERSION = YES_AGGRESSIVE;
				CLANG_CXX_LANGUAGE_STANDARD = "gnu++20";
				CLANG_ENABLE_MODULES = YES;
				CLANG_ENABLE_OBJC_ARC = YES;
				CLANG_ENABLE_OBJC_WEAK = YES;
				CLANG_WARN_BLOCK_CAPTURE_AUTORELEASING = YES;
				CLANG_WARN_BOOL_CONVERSION = YES;
				CLANG_WARN_COMMA = YES;
				CLANG_WARN_CONSTANT_CONVERSION = YES;
				CLANG_WARN_DEPRECATED_OBJC_IMPLEMENTATIONS = YES;
				CLANG_WARN_DIRECT_OBJC_ISA_USAGE = YES_ERROR;
				CLANG_WARN_DOCUMENTATION_COMMENTS = YES;
				CLANG_WARN_EMPTY_BODY = YES;
				CLANG_WARN_ENUM_CONVERSION = YES;
				CLANG_WARN_INFINITE_RECURSION = YES;
				CLANG_WARN_INT_CONVERSION = YES;
				CLANG_WARN_NON_LITERAL_NULL_CONVERSION = YES;
				CLANG_WARN_OBJC_IMPLICIT_RETAIN_SELF = YES;
				CLANG_WARN_OBJC_LITERAL_CONVERSION = YES;
				CLANG_WARN_OBJC_ROOT_CLASS = YES_ERROR;
				CLANG_WARN_QUOTED_INCLUDE_IN_FRAMEWORK_HEADER = YES;
				CLANG_WARN_RANGE_LOOP_ANALYSIS = YES;
				CLANG_WARN_STRICT_PROTOTYPES = YES;
				CLANG_WARN_SUSPICIOUS_MOVE = YES;
				CLANG_WARN_UNGUARDED_AVAILABILITY = YES_AGGRESSIVE;
				CLANG_WARN_UNREACHABLE_CODE = YES;
				CLANG_WARN__DUPLICATE_METHOD_MATCH = YES;
				COPY_PHASE_STRIP = NO;
				DEBUG_INFORMATION_FORMAT = "dwarf-with-dsym";
				ENABLE_NS_ASSERTIONS = NO;
				ENABLE_STRICT_OBJC_MSGSEND = YES;
				GCC_C_LANGUAGE_STANDARD = gnu11;
				GCC_NO_COMMON_BLOCKS = YES;
				GCC_WARN_64_TO_32_BIT_CONVERSION = YES;
				GCC_WARN_ABOUT_RETURN_TYPE = YES_ERROR;
				GCC_WARN_UNDECLARED_SELECTOR = YES;
				GCC_WARN_UNINITIALIZED_AUTOS = YES_AGGRESSIVE;
				GCC_WARN_UNUSED_FUNCTION = YES;
				GCC_WARN_UNUSED_VARIABLE = YES;
				IPHONEOS_DEPLOYMENT_TARGET = 16.0;
				MTL_ENABLE_DEBUG_INFO = NO;
				MTL_FAST_MATH = YES;
				SDKROOT = iphoneos;
				SWIFT_COMPILATION_MODE = wholemodule;
				SWIFT_OPTIMIZATION_LEVEL = "-O";
				VALIDATE_PRODUCT = YES;
			};
			name = Release;
		};
		CE14064228E0C57F00B67410 /* Debug */ = {
			isa = XCBuildConfiguration;
			baseConfigurationReference = 7DB7309CB6416449FB29826B /* Pods-Movie App.debug.xcconfig */;
			buildSettings = {
				ASSETCATALOG_COMPILER_APPICON_NAME = AppIcon;
				ASSETCATALOG_COMPILER_GLOBAL_ACCENT_COLOR_NAME = AccentColor;
				CODE_SIGN_STYLE = Automatic;
				CURRENT_PROJECT_VERSION = 1;
				DEVELOPMENT_TEAM = T999GJYMD3;
				GENERATE_INFOPLIST_FILE = YES;
				INFOPLIST_FILE = "Movie App/Info.plist";
				INFOPLIST_KEY_UIApplicationSupportsIndirectInputEvents = YES;
				INFOPLIST_KEY_UILaunchStoryboardName = LaunchScreen;
				INFOPLIST_KEY_UIMainStoryboardFile = Main;
				INFOPLIST_KEY_UISupportedInterfaceOrientations = UIInterfaceOrientationPortrait;
				IPHONEOS_DEPLOYMENT_TARGET = 15.5;
				LD_RUNPATH_SEARCH_PATHS = (
					"$(inherited)",
					"@executable_path/Frameworks",
				);
				MARKETING_VERSION = 1.0;
				PRODUCT_BUNDLE_IDENTIFIER = "com.example.Movie-App";
				PRODUCT_NAME = "$(TARGET_NAME)";
				SWIFT_EMIT_LOC_STRINGS = YES;
				SWIFT_VERSION = 5.0;
				TARGETED_DEVICE_FAMILY = "1,2";
			};
			name = Debug;
		};
		CE14064328E0C57F00B67410 /* Release */ = {
			isa = XCBuildConfiguration;
			baseConfigurationReference = 8B58C7A4B0A0C166C2D96763 /* Pods-Movie App.release.xcconfig */;
			buildSettings = {
				ASSETCATALOG_COMPILER_APPICON_NAME = AppIcon;
				ASSETCATALOG_COMPILER_GLOBAL_ACCENT_COLOR_NAME = AccentColor;
				CODE_SIGN_STYLE = Automatic;
				CURRENT_PROJECT_VERSION = 1;
				DEVELOPMENT_TEAM = T999GJYMD3;
				GENERATE_INFOPLIST_FILE = YES;
				INFOPLIST_FILE = "Movie App/Info.plist";
				INFOPLIST_KEY_UIApplicationSupportsIndirectInputEvents = YES;
				INFOPLIST_KEY_UILaunchStoryboardName = LaunchScreen;
				INFOPLIST_KEY_UIMainStoryboardFile = Main;
				INFOPLIST_KEY_UISupportedInterfaceOrientations = UIInterfaceOrientationPortrait;
				IPHONEOS_DEPLOYMENT_TARGET = 15.5;
				LD_RUNPATH_SEARCH_PATHS = (
					"$(inherited)",
					"@executable_path/Frameworks",
				);
				MARKETING_VERSION = 1.0;
				PRODUCT_BUNDLE_IDENTIFIER = "com.example.Movie-App";
				PRODUCT_NAME = "$(TARGET_NAME)";
				SWIFT_EMIT_LOC_STRINGS = YES;
				SWIFT_VERSION = 5.0;
				TARGETED_DEVICE_FAMILY = "1,2";
			};
			name = Release;
		};
/* End XCBuildConfiguration section */

/* Begin XCConfigurationList section */
		CE14062828E0C57D00B67410 /* Build configuration list for PBXProject "Movie App" */ = {
			isa = XCConfigurationList;
			buildConfigurations = (
				CE14063F28E0C57F00B67410 /* Debug */,
				CE14064028E0C57F00B67410 /* Release */,
			);
			defaultConfigurationIsVisible = 0;
			defaultConfigurationName = Release;
		};
		CE14064128E0C57F00B67410 /* Build configuration list for PBXNativeTarget "Movie App" */ = {
			isa = XCConfigurationList;
			buildConfigurations = (
				CE14064228E0C57F00B67410 /* Debug */,
				CE14064328E0C57F00B67410 /* Release */,
			);
			defaultConfigurationIsVisible = 0;
			defaultConfigurationName = Release;
		};
/* End XCConfigurationList section */
	};
	rootObject = CE14062528E0C57D00B67410 /* Project object */;
}
